// !$*UTF8*$!
{
	archiveVersion = 1;
	classes = {
	};
	objectVersion = 46;
	objects = {

/* Begin PBXBuildFile section */
		530538DD1D1C02EB001736B3 /* titleModel.m in Sources */ = {isa = PBXBuildFile; fileRef = 530538DC1D1C02EB001736B3 /* titleModel.m */; };
		530538E01D1C096E001736B3 /* leftCell.m in Sources */ = {isa = PBXBuildFile; fileRef = 530538DF1D1C096E001736B3 /* leftCell.m */; };
		530538F11D1C0F7B001736B3 /* setViewController.m in Sources */ = {isa = PBXBuildFile; fileRef = 530538F01D1C0F7B001736B3 /* setViewController.m */; };
		530F6E4B1D268D5500A3A2AE /* UIScrollView+SVInfiniteScrolling.m in Sources */ = {isa = PBXBuildFile; fileRef = 530F6E481D268D5500A3A2AE /* UIScrollView+SVInfiniteScrolling.m */; };
		530F6E4C1D268D5500A3A2AE /* UIScrollView+SVPullToRefresh.m in Sources */ = {isa = PBXBuildFile; fileRef = 530F6E4A1D268D5500A3A2AE /* UIScrollView+SVPullToRefresh.m */; };
		530F6E771D27DAD900A3A2AE /* setCell1.m in Sources */ = {isa = PBXBuildFile; fileRef = 530F6E761D27DAD900A3A2AE /* setCell1.m */; };
		530F6E7A1D27DAE600A3A2AE /* setCell2.m in Sources */ = {isa = PBXBuildFile; fileRef = 530F6E791D27DAE600A3A2AE /* setCell2.m */; };
		53269B501D3633FC000D9EBA /* ChatCell.m in Sources */ = {isa = PBXBuildFile; fileRef = 53269B4B1D3633FC000D9EBA /* ChatCell.m */; };
		53269B511D3633FC000D9EBA /* SRChatFrameInfo.m in Sources */ = {isa = PBXBuildFile; fileRef = 53269B4D1D3633FC000D9EBA /* SRChatFrameInfo.m */; };
		53269B521D3633FC000D9EBA /* SRChatModel.m in Sources */ = {isa = PBXBuildFile; fileRef = 53269B4F1D3633FC000D9EBA /* SRChatModel.m */; };
		53371D4A1D226DFE0040F7A7 /* QuartzCore.framework in Frameworks */ = {isa = PBXBuildFile; fileRef = 53371D491D226DFE0040F7A7 /* QuartzCore.framework */; };
		53371D4D1D22BD800040F7A7 /* imageTableViewCell.m in Sources */ = {isa = PBXBuildFile; fileRef = 53371D4C1D22BD800040F7A7 /* imageTableViewCell.m */; };
		53371D4F1D22D1540040F7A7 /* libsqlite3.0.tbd in Frameworks */ = {isa = PBXBuildFile; fileRef = 53371D4E1D22D1540040F7A7 /* libsqlite3.0.tbd */; };
		534522D31D1BFCFB0055C0EE /* homeModel.m in Sources */ = {isa = PBXBuildFile; fileRef = 534522D21D1BFCFB0055C0EE /* homeModel.m */; };
		534522D61D1BFD440055C0EE /* homeCell.m in Sources */ = {isa = PBXBuildFile; fileRef = 534522D51D1BFD440055C0EE /* homeCell.m */; };
		53464A7B1D20072F00F9631B /* DWBubbleMenuButton.m in Sources */ = {isa = PBXBuildFile; fileRef = 53464A7A1D20072F00F9631B /* DWBubbleMenuButton.m */; };
		535FE8DF1D254070004C6100 /* imageCollectionViewCell.m in Sources */ = {isa = PBXBuildFile; fileRef = 535FE8DE1D254070004C6100 /* imageCollectionViewCell.m */; };
		5379B5261D29318D00D38D4C /* infoCell3.m in Sources */ = {isa = PBXBuildFile; fileRef = 5379B5251D29318D00D38D4C /* infoCell3.m */; };
		5379B52A1D2939CA00D38D4C /* ZCYlocation.m in Sources */ = {isa = PBXBuildFile; fileRef = 5379B5291D2939CA00D38D4C /* ZCYlocation.m */; };
		538C3D031D2FA68A00AEBE47 /* mobilephoneViewController.m in Sources */ = {isa = PBXBuildFile; fileRef = 538C3D021D2FA68A00AEBE47 /* mobilephoneViewController.m */; };
		538D2E401D1CC2D800BB9588 /* leftView.m in Sources */ = {isa = PBXBuildFile; fileRef = 538D2E3F1D1CC2D800BB9588 /* leftView.m */; };
		538D2E431D1CCC8F00BB9588 /* leftviewModel.m in Sources */ = {isa = PBXBuildFile; fileRef = 538D2E421D1CCC8F00BB9588 /* leftviewModel.m */; };
		538D2E4A1D1CDB7200BB9588 /* infomationViewController.m in Sources */ = {isa = PBXBuildFile; fileRef = 538D2E491D1CDB7200BB9588 /* infomationViewController.m */; };
		538D2E511D1D38B400BB9588 /* aboutViewController.m in Sources */ = {isa = PBXBuildFile; fileRef = 538D2E501D1D38B400BB9588 /* aboutViewController.m */; };
		538D2E541D1D509600BB9588 /* setModel.m in Sources */ = {isa = PBXBuildFile; fileRef = 538D2E531D1D509600BB9588 /* setModel.m */; };
		538D2E5B1D1D5CFC00BB9588 /* myinfoViewController.m in Sources */ = {isa = PBXBuildFile; fileRef = 538D2E5A1D1D5CFC00BB9588 /* myinfoViewController.m */; };
		538D2E5E1D1D648D00BB9588 /* infoTableViewCell1.m in Sources */ = {isa = PBXBuildFile; fileRef = 538D2E5D1D1D648D00BB9588 /* infoTableViewCell1.m */; };
		538D2E611D1D69D300BB9588 /* infoTableViewCell2.m in Sources */ = {isa = PBXBuildFile; fileRef = 538D2E601D1D69D300BB9588 /* infoTableViewCell2.m */; };
		538D2E641D1E12E300BB9588 /* picModel.m in Sources */ = {isa = PBXBuildFile; fileRef = 538D2E631D1E12E300BB9588 /* picModel.m */; };
		538D2E6B1D1E1F7F00BB9588 /* addressViewController.m in Sources */ = {isa = PBXBuildFile; fileRef = 538D2E6A1D1E1F7F00BB9588 /* addressViewController.m */; };
		538D2E721D1E22E100BB9588 /* passwordViewController.m in Sources */ = {isa = PBXBuildFile; fileRef = 538D2E711D1E22E100BB9588 /* passwordViewController.m */; };
		538D2E791D1E526400BB9588 /* nameViewController.m in Sources */ = {isa = PBXBuildFile; fileRef = 538D2E781D1E526400BB9588 /* nameViewController.m */; };
		538D2E7C1D1E5EF100BB9588 /* infoCell1.m in Sources */ = {isa = PBXBuildFile; fileRef = 538D2E7B1D1E5EF100BB9588 /* infoCell1.m */; };
		538D2E7F1D1E5F0000BB9588 /* infoCell2.m in Sources */ = {isa = PBXBuildFile; fileRef = 538D2E7E1D1E5F0000BB9588 /* infoCell2.m */; };
		538D2E821D1E666800BB9588 /* infoModel.m in Sources */ = {isa = PBXBuildFile; fileRef = 538D2E811D1E666800BB9588 /* infoModel.m */; };
		538D2E881D1E71DF00BB9588 /* hisModel.m in Sources */ = {isa = PBXBuildFile; fileRef = 538D2E871D1E71DF00BB9588 /* hisModel.m */; };
		538D2E921D1E899300BB9588 /* materViewController.m in Sources */ = {isa = PBXBuildFile; fileRef = 538D2E911D1E899300BB9588 /* materViewController.m */; };
		538D2E951D1EAC6000BB9588 /* hisView.m in Sources */ = {isa = PBXBuildFile; fileRef = 538D2E941D1EAC6000BB9588 /* hisView.m */; };
		538D2E981D1EB3B600BB9588 /* materalCell.m in Sources */ = {isa = PBXBuildFile; fileRef = 538D2E971D1EB3B600BB9588 /* materalCell.m */; };
		538D2E9F1D1EBB6A00BB9588 /* speaificViewController.m in Sources */ = {isa = PBXBuildFile; fileRef = 538D2E9E1D1EBB6A00BB9588 /* speaificViewController.m */; };
		539313621D1BC7000035D874 /* BaseViewController.m in Sources */ = {isa = PBXBuildFile; fileRef = 5393135F1D1BC7000035D874 /* BaseViewController.m */; };
		539313631D1BC7000035D874 /* CustomnavView.m in Sources */ = {isa = PBXBuildFile; fileRef = 539313611D1BC7000035D874 /* CustomnavView.m */; };
		539313661D1BC7D30035D874 /* loginViewController.m in Sources */ = {isa = PBXBuildFile; fileRef = 539313651D1BC7D30035D874 /* loginViewController.m */; };
		5393136C1D1BC9760035D874 /* TextView.m in Sources */ = {isa = PBXBuildFile; fileRef = 5393136B1D1BC9760035D874 /* TextView.m */; };
		539313701D1BCB860035D874 /* registerViewController.m in Sources */ = {isa = PBXBuildFile; fileRef = 5393136F1D1BCB860035D874 /* registerViewController.m */; };
		53B22C1E1D2617E900E8EBA5 /* MBProgressHUD+XMG.m in Sources */ = {isa = PBXBuildFile; fileRef = 53B22C1A1D2617E900E8EBA5 /* MBProgressHUD+XMG.m */; };
		53B22C1F1D2617E900E8EBA5 /* MBProgressHUD.bundle in Resources */ = {isa = PBXBuildFile; fileRef = 53B22C1B1D2617E900E8EBA5 /* MBProgressHUD.bundle */; };
		53B22C201D2617E900E8EBA5 /* MBProgressHUD.m in Sources */ = {isa = PBXBuildFile; fileRef = 53B22C1D1D2617E900E8EBA5 /* MBProgressHUD.m */; };
		53B22C2D1D26182100E8EBA5 /* SMS_SDKLocalizable.strings in Resources */ = {isa = PBXBuildFile; fileRef = 53B22C231D26182100E8EBA5 /* SMS_SDKLocalizable.strings */; };
		53B22C2E1D26182100E8EBA5 /* MOBFoundation.framework in Frameworks */ = {isa = PBXBuildFile; fileRef = 53B22C251D26182100E8EBA5 /* MOBFoundation.framework */; };
		53B22C2F1D26182100E8EBA5 /* SMS_SDK.framework in Frameworks */ = {isa = PBXBuildFile; fileRef = 53B22C261D26182100E8EBA5 /* SMS_SDK.framework */; };
		53B22C311D2618A800E8EBA5 /* libz.tbd in Frameworks */ = {isa = PBXBuildFile; fileRef = 53B22C301D2618A800E8EBA5 /* libz.tbd */; };
		53B22C331D2618B500E8EBA5 /* libicucore.tbd in Frameworks */ = {isa = PBXBuildFile; fileRef = 53B22C321D2618B500E8EBA5 /* libicucore.tbd */; };
		53B22C351D2618C000E8EBA5 /* MessageUI.framework in Frameworks */ = {isa = PBXBuildFile; fileRef = 53B22C341D2618C000E8EBA5 /* MessageUI.framework */; };
		53B22C371D2618CA00E8EBA5 /* JavaScriptCore.framework in Frameworks */ = {isa = PBXBuildFile; fileRef = 53B22C361D2618CA00E8EBA5 /* JavaScriptCore.framework */; };
		53B22C391D2618D900E8EBA5 /* libstdc++.tbd in Frameworks */ = {isa = PBXBuildFile; fileRef = 53B22C381D2618D900E8EBA5 /* libstdc++.tbd */; };
		53B22C3B1D2618E400E8EBA5 /* AddressBook.framework in Frameworks */ = {isa = PBXBuildFile; fileRef = 53B22C3A1D2618E400E8EBA5 /* AddressBook.framework */; };
		53B22C3D1D2618E900E8EBA5 /* AddressBookUI.framework in Frameworks */ = {isa = PBXBuildFile; fileRef = 53B22C3C1D2618E900E8EBA5 /* AddressBookUI.framework */; };
		53B22C3F1D264F8700E8EBA5 /* CoreLocation.framework in Frameworks */ = {isa = PBXBuildFile; fileRef = 53B22C3E1D264F8700E8EBA5 /* CoreLocation.framework */; };
		53B22C411D264F9100E8EBA5 /* CoreGraphics.framework in Frameworks */ = {isa = PBXBuildFile; fileRef = 53B22C401D264F9100E8EBA5 /* CoreGraphics.framework */; };
		53B22C431D264FA000E8EBA5 /* Foundation.framework in Frameworks */ = {isa = PBXBuildFile; fileRef = 53B22C421D264FA000E8EBA5 /* Foundation.framework */; };
		53B22C451D264FAE00E8EBA5 /* UIKit.framework in Frameworks */ = {isa = PBXBuildFile; fileRef = 53B22C441D264FAE00E8EBA5 /* UIKit.framework */; };
		53B22C471D264FB300E8EBA5 /* MapKit.framework in Frameworks */ = {isa = PBXBuildFile; fileRef = 53B22C461D264FB300E8EBA5 /* MapKit.framework */; };
		53B22C521D26645D00E8EBA5 /* PersonalsignatureViewController.m in Sources */ = {isa = PBXBuildFile; fileRef = 53B22C511D26645D00E8EBA5 /* PersonalsignatureViewController.m */; };
		53B9C8741D24FF56003C629B /* AFHTTPSessionManager.m in Sources */ = {isa = PBXBuildFile; fileRef = 53B9C8681D24FF56003C629B /* AFHTTPSessionManager.m */; };
		53B9C8751D24FF56003C629B /* AFNetworkReachabilityManager.m in Sources */ = {isa = PBXBuildFile; fileRef = 53B9C86B1D24FF56003C629B /* AFNetworkReachabilityManager.m */; };
		53B9C8761D24FF56003C629B /* AFSecurityPolicy.m in Sources */ = {isa = PBXBuildFile; fileRef = 53B9C86D1D24FF56003C629B /* AFSecurityPolicy.m */; };
		53B9C8771D24FF56003C629B /* AFURLRequestSerialization.m in Sources */ = {isa = PBXBuildFile; fileRef = 53B9C86F1D24FF56003C629B /* AFURLRequestSerialization.m */; };
		53B9C8781D24FF56003C629B /* AFURLResponseSerialization.m in Sources */ = {isa = PBXBuildFile; fileRef = 53B9C8711D24FF56003C629B /* AFURLResponseSerialization.m */; };
		53B9C8791D24FF56003C629B /* AFURLSessionManager.m in Sources */ = {isa = PBXBuildFile; fileRef = 53B9C8731D24FF56003C629B /* AFURLSessionManager.m */; };
		53B9C87D1D2500E8003C629B /* APIClient.m in Sources */ = {isa = PBXBuildFile; fileRef = 53B9C87C1D2500E8003C629B /* APIClient.m */; };
		53B9C8801D250108003C629B /* HttpTool.m in Sources */ = {isa = PBXBuildFile; fileRef = 53B9C87F1D250108003C629B /* HttpTool.m */; };
		53C2E1961D3372AB0059EA9A /* IndividualitysignatureViewController.m in Sources */ = {isa = PBXBuildFile; fileRef = 53C2E1951D3372AB0059EA9A /* IndividualitysignatureViewController.m */; };
		53C2E19D1D33889D0059EA9A /* feedbackViewController.m in Sources */ = {isa = PBXBuildFile; fileRef = 53C2E19C1D33889D0059EA9A /* feedbackViewController.m */; };
		53D2ACD71D235CC0001BA2C2 /* FMDatabase.m in Sources */ = {isa = PBXBuildFile; fileRef = 53D2ACCD1D235CC0001BA2C2 /* FMDatabase.m */; };
		53D2ACD81D235CC0001BA2C2 /* FMDatabaseAdditions.m in Sources */ = {isa = PBXBuildFile; fileRef = 53D2ACCF1D235CC0001BA2C2 /* FMDatabaseAdditions.m */; };
		53D2ACD91D235CC0001BA2C2 /* FMDatabasePool.m in Sources */ = {isa = PBXBuildFile; fileRef = 53D2ACD11D235CC0001BA2C2 /* FMDatabasePool.m */; };
		53D2ACDA1D235CC0001BA2C2 /* FMDatabaseQueue.m in Sources */ = {isa = PBXBuildFile; fileRef = 53D2ACD31D235CC0001BA2C2 /* FMDatabaseQueue.m */; };
		53D2ACDB1D235CC0001BA2C2 /* FMResultSet.m in Sources */ = {isa = PBXBuildFile; fileRef = 53D2ACD61D235CC0001BA2C2 /* FMResultSet.m */; };
		53D2ACE11D2373D1001BA2C2 /* NSString+SZYKit.m in Sources */ = {isa = PBXBuildFile; fileRef = 53D2ACE01D2373D1001BA2C2 /* NSString+SZYKit.m */; };
		53D2ACE41D239187001BA2C2 /* materal_finder.m in Sources */ = {isa = PBXBuildFile; fileRef = 53D2ACE31D239187001BA2C2 /* materal_finder.m */; };
		53D2ACEA1D239E0D001BA2C2 /* materal_model.m in Sources */ = {isa = PBXBuildFile; fileRef = 53D2ACE91D239E0D001BA2C2 /* materal_model.m */; };
		53D2ACF31D23A02E001BA2C2 /* Datebase_materallist.m in Sources */ = {isa = PBXBuildFile; fileRef = 53D2ACF21D23A02E001BA2C2 /* Datebase_materallist.m */; };
		53D402A51D34830A00B91958 /* setview.m in Sources */ = {isa = PBXBuildFile; fileRef = 53D402A41D34830A00B91958 /* setview.m */; };
		53DC007D1D2B586700989E31 /* Assets.xcassets in Resources */ = {isa = PBXBuildFile; fileRef = 53DC007C1D2B586700989E31 /* Assets.xcassets */; };
		53E5EA2D1D30896100FA06D8 /* setCell3.m in Sources */ = {isa = PBXBuildFile; fileRef = 53E5EA2C1D30896100FA06D8 /* setCell3.m */; };
		53E91A201D1B70E40091E85A /* main.m in Sources */ = {isa = PBXBuildFile; fileRef = 53E91A1F1D1B70E40091E85A /* main.m */; };
		53E91A231D1B70E40091E85A /* AppDelegate.m in Sources */ = {isa = PBXBuildFile; fileRef = 53E91A221D1B70E40091E85A /* AppDelegate.m */; };
		53E91A261D1B70E40091E85A /* ViewController.m in Sources */ = {isa = PBXBuildFile; fileRef = 53E91A251D1B70E40091E85A /* ViewController.m */; };
		53E91A291D1B70E40091E85A /* Main.storyboard in Resources */ = {isa = PBXBuildFile; fileRef = 53E91A271D1B70E40091E85A /* Main.storyboard */; };
		53E91A2E1D1B70E40091E85A /* LaunchScreen.storyboard in Resources */ = {isa = PBXBuildFile; fileRef = 53E91A2C1D1B70E40091E85A /* LaunchScreen.storyboard */; };
		53E91A401D1B72A50091E85A /* homeViewController.m in Sources */ = {isa = PBXBuildFile; fileRef = 53E91A3F1D1B72A50091E85A /* homeViewController.m */; };
		53E91A441D1B72D50091E85A /* ITRAirSideMenu.m in Sources */ = {isa = PBXBuildFile; fileRef = 53E91A431D1B72D50091E85A /* ITRAirSideMenu.m */; };
		53E91A4B1D1B73790091E85A /* leftViewController.m in Sources */ = {isa = PBXBuildFile; fileRef = 53E91A4A1D1B73790091E85A /* leftViewController.m */; };
		53E91A581D1BB9860091E85A /* SearchViewController.m in Sources */ = {isa = PBXBuildFile; fileRef = 53E91A571D1BB9860091E85A /* SearchViewController.m */; };
		5828C3C71D34E6130075942B /* searchcell.m in Sources */ = {isa = PBXBuildFile; fileRef = 5828C3C61D34E6130075942B /* searchcell.m */; };
		585615171D332D4D00B54508 /* UIImage+needkit.m in Sources */ = {isa = PBXBuildFile; fileRef = 585615161D332D4D00B54508 /* UIImage+needkit.m */; };
		FECC946C1D26125D006F955A /* faceVideoViewController.m in Sources */ = {isa = PBXBuildFile; fileRef = FECC946B1D26125D006F955A /* faceVideoViewController.m */; };
		FECC946F1D2636F7006F955A /* PIDrawerView.m in Sources */ = {isa = PBXBuildFile; fileRef = FECC946E1D2636F7006F955A /* PIDrawerView.m */; };
		FECC94711D264936006F955A /* MobileCoreServices.framework in Frameworks */ = {isa = PBXBuildFile; fileRef = FECC94701D264936006F955A /* MobileCoreServices.framework */; };
		FECC94731D264953006F955A /* CoreGraphics.framework in Frameworks */ = {isa = PBXBuildFile; fileRef = FECC94721D264953006F955A /* CoreGraphics.framework */; };
		FECC947A1D266938006F955A /* videoRightView.m in Sources */ = {isa = PBXBuildFile; fileRef = FECC94791D266938006F955A /* videoRightView.m */; };
		FECC947D1D2A5D57006F955A /* pickImageView.m in Sources */ = {isa = PBXBuildFile; fileRef = FECC947C1D2A5D57006F955A /* pickImageView.m */; };
		FECC94801D2B8D97006F955A /* imageMenuView.m in Sources */ = {isa = PBXBuildFile; fileRef = FECC947F1D2B8D97006F955A /* imageMenuView.m */; };
		FECC94851D2CE448006F955A /* iflyMSC.framework in Frameworks */ = {isa = PBXBuildFile; fileRef = FECC94841D2CE448006F955A /* iflyMSC.framework */; };
		FECC94B81D2CF71E006F955A /* voiceViewController.m in Sources */ = {isa = PBXBuildFile; fileRef = FECC94B71D2CF71E006F955A /* voiceViewController.m */; };
/* End PBXBuildFile section */

/* Begin PBXFileReference section */
		530538DB1D1C02EB001736B3 /* titleModel.h */ = {isa = PBXFileReference; fileEncoding = 4; lastKnownFileType = sourcecode.c.h; path = titleModel.h; sourceTree = "<group>"; };
		530538DC1D1C02EB001736B3 /* titleModel.m */ = {isa = PBXFileReference; fileEncoding = 4; lastKnownFileType = sourcecode.c.objc; path = titleModel.m; sourceTree = "<group>"; };
		530538DE1D1C096E001736B3 /* leftCell.h */ = {isa = PBXFileReference; fileEncoding = 4; lastKnownFileType = sourcecode.c.h; path = leftCell.h; sourceTree = "<group>"; };
		530538DF1D1C096E001736B3 /* leftCell.m */ = {isa = PBXFileReference; fileEncoding = 4; lastKnownFileType = sourcecode.c.objc; path = leftCell.m; sourceTree = "<group>"; };
		530538EF1D1C0F7B001736B3 /* setViewController.h */ = {isa = PBXFileReference; fileEncoding = 4; lastKnownFileType = sourcecode.c.h; path = setViewController.h; sourceTree = "<group>"; };
		530538F01D1C0F7B001736B3 /* setViewController.m */ = {isa = PBXFileReference; fileEncoding = 4; lastKnownFileType = sourcecode.c.objc; path = setViewController.m; sourceTree = "<group>"; };
		530F6E461D268D5500A3A2AE /* SVPullToRefresh.h */ = {isa = PBXFileReference; fileEncoding = 4; lastKnownFileType = sourcecode.c.h; path = SVPullToRefresh.h; sourceTree = "<group>"; };
		530F6E471D268D5500A3A2AE /* UIScrollView+SVInfiniteScrolling.h */ = {isa = PBXFileReference; fileEncoding = 4; lastKnownFileType = sourcecode.c.h; path = "UIScrollView+SVInfiniteScrolling.h"; sourceTree = "<group>"; };
		530F6E481D268D5500A3A2AE /* UIScrollView+SVInfiniteScrolling.m */ = {isa = PBXFileReference; fileEncoding = 4; lastKnownFileType = sourcecode.c.objc; path = "UIScrollView+SVInfiniteScrolling.m"; sourceTree = "<group>"; };
		530F6E491D268D5500A3A2AE /* UIScrollView+SVPullToRefresh.h */ = {isa = PBXFileReference; fileEncoding = 4; lastKnownFileType = sourcecode.c.h; path = "UIScrollView+SVPullToRefresh.h"; sourceTree = "<group>"; };
		530F6E4A1D268D5500A3A2AE /* UIScrollView+SVPullToRefresh.m */ = {isa = PBXFileReference; fileEncoding = 4; lastKnownFileType = sourcecode.c.objc; path = "UIScrollView+SVPullToRefresh.m"; sourceTree = "<group>"; };
		530F6E4D1D279FED00A3A2AE /* PrefixHeader.pch */ = {isa = PBXFileReference; lastKnownFileType = sourcecode.c.h; name = PrefixHeader.pch; path = OralEdu/PrefixHeader.pch; sourceTree = "<group>"; };
		530F6E751D27DAD900A3A2AE /* setCell1.h */ = {isa = PBXFileReference; fileEncoding = 4; lastKnownFileType = sourcecode.c.h; path = setCell1.h; sourceTree = "<group>"; };
		530F6E761D27DAD900A3A2AE /* setCell1.m */ = {isa = PBXFileReference; fileEncoding = 4; lastKnownFileType = sourcecode.c.objc; path = setCell1.m; sourceTree = "<group>"; };
		530F6E781D27DAE600A3A2AE /* setCell2.h */ = {isa = PBXFileReference; fileEncoding = 4; lastKnownFileType = sourcecode.c.h; path = setCell2.h; sourceTree = "<group>"; };
		530F6E791D27DAE600A3A2AE /* setCell2.m */ = {isa = PBXFileReference; fileEncoding = 4; lastKnownFileType = sourcecode.c.objc; path = setCell2.m; sourceTree = "<group>"; };
		53269B4A1D3633FC000D9EBA /* ChatCell.h */ = {isa = PBXFileReference; fileEncoding = 4; lastKnownFileType = sourcecode.c.h; path = ChatCell.h; sourceTree = "<group>"; };
		53269B4B1D3633FC000D9EBA /* ChatCell.m */ = {isa = PBXFileReference; fileEncoding = 4; lastKnownFileType = sourcecode.c.objc; path = ChatCell.m; sourceTree = "<group>"; };
		53269B4C1D3633FC000D9EBA /* SRChatFrameInfo.h */ = {isa = PBXFileReference; fileEncoding = 4; lastKnownFileType = sourcecode.c.h; path = SRChatFrameInfo.h; sourceTree = "<group>"; };
		53269B4D1D3633FC000D9EBA /* SRChatFrameInfo.m */ = {isa = PBXFileReference; fileEncoding = 4; lastKnownFileType = sourcecode.c.objc; path = SRChatFrameInfo.m; sourceTree = "<group>"; };
		53269B4E1D3633FC000D9EBA /* SRChatModel.h */ = {isa = PBXFileReference; fileEncoding = 4; lastKnownFileType = sourcecode.c.h; path = SRChatModel.h; sourceTree = "<group>"; };
		53269B4F1D3633FC000D9EBA /* SRChatModel.m */ = {isa = PBXFileReference; fileEncoding = 4; lastKnownFileType = sourcecode.c.objc; path = SRChatModel.m; sourceTree = "<group>"; };
		53371D491D226DFE0040F7A7 /* QuartzCore.framework */ = {isa = PBXFileReference; lastKnownFileType = wrapper.framework; name = QuartzCore.framework; path = System/Library/Frameworks/QuartzCore.framework; sourceTree = SDKROOT; };
		53371D4B1D22BD800040F7A7 /* imageTableViewCell.h */ = {isa = PBXFileReference; fileEncoding = 4; lastKnownFileType = sourcecode.c.h; path = imageTableViewCell.h; sourceTree = "<group>"; };
		53371D4C1D22BD800040F7A7 /* imageTableViewCell.m */ = {isa = PBXFileReference; fileEncoding = 4; lastKnownFileType = sourcecode.c.objc; path = imageTableViewCell.m; sourceTree = "<group>"; };
		53371D4E1D22D1540040F7A7 /* libsqlite3.0.tbd */ = {isa = PBXFileReference; lastKnownFileType = "sourcecode.text-based-dylib-definition"; name = libsqlite3.0.tbd; path = usr/lib/libsqlite3.0.tbd; sourceTree = SDKROOT; };
		534522D11D1BFCFB0055C0EE /* homeModel.h */ = {isa = PBXFileReference; fileEncoding = 4; lastKnownFileType = sourcecode.c.h; path = homeModel.h; sourceTree = "<group>"; };
		534522D21D1BFCFB0055C0EE /* homeModel.m */ = {isa = PBXFileReference; fileEncoding = 4; lastKnownFileType = sourcecode.c.objc; path = homeModel.m; sourceTree = "<group>"; };
		534522D41D1BFD440055C0EE /* homeCell.h */ = {isa = PBXFileReference; fileEncoding = 4; lastKnownFileType = sourcecode.c.h; path = homeCell.h; sourceTree = "<group>"; };
		534522D51D1BFD440055C0EE /* homeCell.m */ = {isa = PBXFileReference; fileEncoding = 4; lastKnownFileType = sourcecode.c.objc; path = homeCell.m; sourceTree = "<group>"; };
		53464A791D20072F00F9631B /* DWBubbleMenuButton.h */ = {isa = PBXFileReference; fileEncoding = 4; lastKnownFileType = sourcecode.c.h; path = DWBubbleMenuButton.h; sourceTree = "<group>"; };
		53464A7A1D20072F00F9631B /* DWBubbleMenuButton.m */ = {isa = PBXFileReference; fileEncoding = 4; lastKnownFileType = sourcecode.c.objc; path = DWBubbleMenuButton.m; sourceTree = "<group>"; };
		535FE8DD1D254070004C6100 /* imageCollectionViewCell.h */ = {isa = PBXFileReference; fileEncoding = 4; lastKnownFileType = sourcecode.c.h; path = imageCollectionViewCell.h; sourceTree = "<group>"; };
		535FE8DE1D254070004C6100 /* imageCollectionViewCell.m */ = {isa = PBXFileReference; fileEncoding = 4; lastKnownFileType = sourcecode.c.objc; path = imageCollectionViewCell.m; sourceTree = "<group>"; };
		5379B5241D29318D00D38D4C /* infoCell3.h */ = {isa = PBXFileReference; fileEncoding = 4; lastKnownFileType = sourcecode.c.h; path = infoCell3.h; sourceTree = "<group>"; };
		5379B5251D29318D00D38D4C /* infoCell3.m */ = {isa = PBXFileReference; fileEncoding = 4; lastKnownFileType = sourcecode.c.objc; path = infoCell3.m; sourceTree = "<group>"; };
		5379B5281D2939CA00D38D4C /* ZCYlocation.h */ = {isa = PBXFileReference; fileEncoding = 4; lastKnownFileType = sourcecode.c.h; path = ZCYlocation.h; sourceTree = "<group>"; };
		5379B5291D2939CA00D38D4C /* ZCYlocation.m */ = {isa = PBXFileReference; fileEncoding = 4; lastKnownFileType = sourcecode.c.objc; path = ZCYlocation.m; sourceTree = "<group>"; };
		538C3D011D2FA68A00AEBE47 /* mobilephoneViewController.h */ = {isa = PBXFileReference; fileEncoding = 4; lastKnownFileType = sourcecode.c.h; path = mobilephoneViewController.h; sourceTree = "<group>"; };
		538C3D021D2FA68A00AEBE47 /* mobilephoneViewController.m */ = {isa = PBXFileReference; fileEncoding = 4; lastKnownFileType = sourcecode.c.objc; path = mobilephoneViewController.m; sourceTree = "<group>"; };
		538D2E3E1D1CC2D800BB9588 /* leftView.h */ = {isa = PBXFileReference; fileEncoding = 4; lastKnownFileType = sourcecode.c.h; path = leftView.h; sourceTree = "<group>"; };
		538D2E3F1D1CC2D800BB9588 /* leftView.m */ = {isa = PBXFileReference; fileEncoding = 4; lastKnownFileType = sourcecode.c.objc; path = leftView.m; sourceTree = "<group>"; };
		538D2E411D1CCC8F00BB9588 /* leftviewModel.h */ = {isa = PBXFileReference; fileEncoding = 4; lastKnownFileType = sourcecode.c.h; path = leftviewModel.h; sourceTree = "<group>"; };
		538D2E421D1CCC8F00BB9588 /* leftviewModel.m */ = {isa = PBXFileReference; fileEncoding = 4; lastKnownFileType = sourcecode.c.objc; path = leftviewModel.m; sourceTree = "<group>"; };
		538D2E481D1CDB7200BB9588 /* infomationViewController.h */ = {isa = PBXFileReference; fileEncoding = 4; lastKnownFileType = sourcecode.c.h; path = infomationViewController.h; sourceTree = "<group>"; };
		538D2E491D1CDB7200BB9588 /* infomationViewController.m */ = {isa = PBXFileReference; fileEncoding = 4; lastKnownFileType = sourcecode.c.objc; path = infomationViewController.m; sourceTree = "<group>"; };
		538D2E4F1D1D38B400BB9588 /* aboutViewController.h */ = {isa = PBXFileReference; fileEncoding = 4; lastKnownFileType = sourcecode.c.h; path = aboutViewController.h; sourceTree = "<group>"; };
		538D2E501D1D38B400BB9588 /* aboutViewController.m */ = {isa = PBXFileReference; fileEncoding = 4; lastKnownFileType = sourcecode.c.objc; path = aboutViewController.m; sourceTree = "<group>"; };
		538D2E521D1D509600BB9588 /* setModel.h */ = {isa = PBXFileReference; fileEncoding = 4; lastKnownFileType = sourcecode.c.h; path = setModel.h; sourceTree = "<group>"; };
		538D2E531D1D509600BB9588 /* setModel.m */ = {isa = PBXFileReference; fileEncoding = 4; lastKnownFileType = sourcecode.c.objc; path = setModel.m; sourceTree = "<group>"; };
		538D2E591D1D5CFC00BB9588 /* myinfoViewController.h */ = {isa = PBXFileReference; fileEncoding = 4; lastKnownFileType = sourcecode.c.h; path = myinfoViewController.h; sourceTree = "<group>"; };
		538D2E5A1D1D5CFC00BB9588 /* myinfoViewController.m */ = {isa = PBXFileReference; fileEncoding = 4; lastKnownFileType = sourcecode.c.objc; path = myinfoViewController.m; sourceTree = "<group>"; };
		538D2E5C1D1D648D00BB9588 /* infoTableViewCell1.h */ = {isa = PBXFileReference; fileEncoding = 4; lastKnownFileType = sourcecode.c.h; path = infoTableViewCell1.h; sourceTree = "<group>"; };
		538D2E5D1D1D648D00BB9588 /* infoTableViewCell1.m */ = {isa = PBXFileReference; fileEncoding = 4; lastKnownFileType = sourcecode.c.objc; path = infoTableViewCell1.m; sourceTree = "<group>"; };
		538D2E5F1D1D69D300BB9588 /* infoTableViewCell2.h */ = {isa = PBXFileReference; fileEncoding = 4; lastKnownFileType = sourcecode.c.h; path = infoTableViewCell2.h; sourceTree = "<group>"; };
		538D2E601D1D69D300BB9588 /* infoTableViewCell2.m */ = {isa = PBXFileReference; fileEncoding = 4; lastKnownFileType = sourcecode.c.objc; path = infoTableViewCell2.m; sourceTree = "<group>"; };
		538D2E621D1E12E300BB9588 /* picModel.h */ = {isa = PBXFileReference; fileEncoding = 4; lastKnownFileType = sourcecode.c.h; path = picModel.h; sourceTree = "<group>"; };
		538D2E631D1E12E300BB9588 /* picModel.m */ = {isa = PBXFileReference; fileEncoding = 4; lastKnownFileType = sourcecode.c.objc; path = picModel.m; sourceTree = "<group>"; };
		538D2E691D1E1F7F00BB9588 /* addressViewController.h */ = {isa = PBXFileReference; fileEncoding = 4; lastKnownFileType = sourcecode.c.h; path = addressViewController.h; sourceTree = "<group>"; };
		538D2E6A1D1E1F7F00BB9588 /* addressViewController.m */ = {isa = PBXFileReference; fileEncoding = 4; lastKnownFileType = sourcecode.c.objc; path = addressViewController.m; sourceTree = "<group>"; };
		538D2E701D1E22E100BB9588 /* passwordViewController.h */ = {isa = PBXFileReference; fileEncoding = 4; lastKnownFileType = sourcecode.c.h; path = passwordViewController.h; sourceTree = "<group>"; };
		538D2E711D1E22E100BB9588 /* passwordViewController.m */ = {isa = PBXFileReference; fileEncoding = 4; lastKnownFileType = sourcecode.c.objc; path = passwordViewController.m; sourceTree = "<group>"; };
		538D2E771D1E526400BB9588 /* nameViewController.h */ = {isa = PBXFileReference; fileEncoding = 4; lastKnownFileType = sourcecode.c.h; path = nameViewController.h; sourceTree = "<group>"; };
		538D2E781D1E526400BB9588 /* nameViewController.m */ = {isa = PBXFileReference; fileEncoding = 4; lastKnownFileType = sourcecode.c.objc; path = nameViewController.m; sourceTree = "<group>"; };
		538D2E7A1D1E5EF100BB9588 /* infoCell1.h */ = {isa = PBXFileReference; fileEncoding = 4; lastKnownFileType = sourcecode.c.h; path = infoCell1.h; sourceTree = "<group>"; };
		538D2E7B1D1E5EF100BB9588 /* infoCell1.m */ = {isa = PBXFileReference; fileEncoding = 4; lastKnownFileType = sourcecode.c.objc; path = infoCell1.m; sourceTree = "<group>"; };
		538D2E7D1D1E5F0000BB9588 /* infoCell2.h */ = {isa = PBXFileReference; fileEncoding = 4; lastKnownFileType = sourcecode.c.h; path = infoCell2.h; sourceTree = "<group>"; };
		538D2E7E1D1E5F0000BB9588 /* infoCell2.m */ = {isa = PBXFileReference; fileEncoding = 4; lastKnownFileType = sourcecode.c.objc; path = infoCell2.m; sourceTree = "<group>"; };
		538D2E801D1E666800BB9588 /* infoModel.h */ = {isa = PBXFileReference; fileEncoding = 4; lastKnownFileType = sourcecode.c.h; path = infoModel.h; sourceTree = "<group>"; };
		538D2E811D1E666800BB9588 /* infoModel.m */ = {isa = PBXFileReference; fileEncoding = 4; lastKnownFileType = sourcecode.c.objc; path = infoModel.m; sourceTree = "<group>"; };
		538D2E861D1E71DF00BB9588 /* hisModel.h */ = {isa = PBXFileReference; fileEncoding = 4; lastKnownFileType = sourcecode.c.h; path = hisModel.h; sourceTree = "<group>"; };
		538D2E871D1E71DF00BB9588 /* hisModel.m */ = {isa = PBXFileReference; fileEncoding = 4; lastKnownFileType = sourcecode.c.objc; path = hisModel.m; sourceTree = "<group>"; };
		538D2E901D1E899300BB9588 /* materViewController.h */ = {isa = PBXFileReference; fileEncoding = 4; lastKnownFileType = sourcecode.c.h; path = materViewController.h; sourceTree = "<group>"; };
		538D2E911D1E899300BB9588 /* materViewController.m */ = {isa = PBXFileReference; fileEncoding = 4; lastKnownFileType = sourcecode.c.objc; path = materViewController.m; sourceTree = "<group>"; };
		538D2E931D1EAC6000BB9588 /* hisView.h */ = {isa = PBXFileReference; fileEncoding = 4; lastKnownFileType = sourcecode.c.h; path = hisView.h; sourceTree = "<group>"; };
		538D2E941D1EAC6000BB9588 /* hisView.m */ = {isa = PBXFileReference; fileEncoding = 4; lastKnownFileType = sourcecode.c.objc; path = hisView.m; sourceTree = "<group>"; };
		538D2E961D1EB3B600BB9588 /* materalCell.h */ = {isa = PBXFileReference; fileEncoding = 4; lastKnownFileType = sourcecode.c.h; path = materalCell.h; sourceTree = "<group>"; };
		538D2E971D1EB3B600BB9588 /* materalCell.m */ = {isa = PBXFileReference; fileEncoding = 4; lastKnownFileType = sourcecode.c.objc; path = materalCell.m; sourceTree = "<group>"; };
		538D2E9D1D1EBB6A00BB9588 /* speaificViewController.h */ = {isa = PBXFileReference; fileEncoding = 4; lastKnownFileType = sourcecode.c.h; path = speaificViewController.h; sourceTree = "<group>"; };
		538D2E9E1D1EBB6A00BB9588 /* speaificViewController.m */ = {isa = PBXFileReference; fileEncoding = 4; lastKnownFileType = sourcecode.c.objc; path = speaificViewController.m; sourceTree = "<group>"; };
		5393135E1D1BC7000035D874 /* BaseViewController.h */ = {isa = PBXFileReference; fileEncoding = 4; lastKnownFileType = sourcecode.c.h; name = BaseViewController.h; path = OralEdu/BaseViewController.h; sourceTree = "<group>"; };
		5393135F1D1BC7000035D874 /* BaseViewController.m */ = {isa = PBXFileReference; fileEncoding = 4; lastKnownFileType = sourcecode.c.objc; name = BaseViewController.m; path = OralEdu/BaseViewController.m; sourceTree = "<group>"; };
		539313601D1BC7000035D874 /* CustomnavView.h */ = {isa = PBXFileReference; fileEncoding = 4; lastKnownFileType = sourcecode.c.h; name = CustomnavView.h; path = OralEdu/CustomnavView.h; sourceTree = "<group>"; };
		539313611D1BC7000035D874 /* CustomnavView.m */ = {isa = PBXFileReference; fileEncoding = 4; lastKnownFileType = sourcecode.c.objc; name = CustomnavView.m; path = OralEdu/CustomnavView.m; sourceTree = "<group>"; };
		539313641D1BC7D30035D874 /* loginViewController.h */ = {isa = PBXFileReference; fileEncoding = 4; lastKnownFileType = sourcecode.c.h; path = loginViewController.h; sourceTree = "<group>"; };
		539313651D1BC7D30035D874 /* loginViewController.m */ = {isa = PBXFileReference; fileEncoding = 4; lastKnownFileType = sourcecode.c.objc; path = loginViewController.m; sourceTree = "<group>"; };
		5393136A1D1BC9760035D874 /* TextView.h */ = {isa = PBXFileReference; fileEncoding = 4; lastKnownFileType = sourcecode.c.h; path = TextView.h; sourceTree = "<group>"; };
		5393136B1D1BC9760035D874 /* TextView.m */ = {isa = PBXFileReference; fileEncoding = 4; lastKnownFileType = sourcecode.c.objc; path = TextView.m; sourceTree = "<group>"; };
		5393136E1D1BCB860035D874 /* registerViewController.h */ = {isa = PBXFileReference; fileEncoding = 4; lastKnownFileType = sourcecode.c.h; path = registerViewController.h; sourceTree = "<group>"; };
		5393136F1D1BCB860035D874 /* registerViewController.m */ = {isa = PBXFileReference; fileEncoding = 4; lastKnownFileType = sourcecode.c.objc; path = registerViewController.m; sourceTree = "<group>"; };
		53B22C191D2617E900E8EBA5 /* MBProgressHUD+XMG.h */ = {isa = PBXFileReference; fileEncoding = 4; lastKnownFileType = sourcecode.c.h; path = "MBProgressHUD+XMG.h"; sourceTree = "<group>"; };
		53B22C1A1D2617E900E8EBA5 /* MBProgressHUD+XMG.m */ = {isa = PBXFileReference; fileEncoding = 4; lastKnownFileType = sourcecode.c.objc; path = "MBProgressHUD+XMG.m"; sourceTree = "<group>"; };
		53B22C1B1D2617E900E8EBA5 /* MBProgressHUD.bundle */ = {isa = PBXFileReference; lastKnownFileType = "wrapper.plug-in"; path = MBProgressHUD.bundle; sourceTree = "<group>"; };
		53B22C1C1D2617E900E8EBA5 /* MBProgressHUD.h */ = {isa = PBXFileReference; fileEncoding = 4; lastKnownFileType = sourcecode.c.h; path = MBProgressHUD.h; sourceTree = "<group>"; };
		53B22C1D1D2617E900E8EBA5 /* MBProgressHUD.m */ = {isa = PBXFileReference; fileEncoding = 4; lastKnownFileType = sourcecode.c.objc; path = MBProgressHUD.m; sourceTree = "<group>"; };
		53B22C241D26182100E8EBA5 /* en */ = {isa = PBXFileReference; lastKnownFileType = text.plist.strings; name = en; path = en.lproj/SMS_SDKLocalizable.strings; sourceTree = "<group>"; };
		53B22C251D26182100E8EBA5 /* MOBFoundation.framework */ = {isa = PBXFileReference; lastKnownFileType = wrapper.framework; path = MOBFoundation.framework; sourceTree = "<group>"; };
		53B22C261D26182100E8EBA5 /* SMS_SDK.framework */ = {isa = PBXFileReference; lastKnownFileType = wrapper.framework; path = SMS_SDK.framework; sourceTree = "<group>"; };
		53B22C271D26182100E8EBA5 /* zh-Hans */ = {isa = PBXFileReference; lastKnownFileType = text.plist.strings; name = "zh-Hans"; path = "zh-Hans.lproj/SMS_SDKLocalizable.strings"; sourceTree = "<group>"; };
		53B22C301D2618A800E8EBA5 /* libz.tbd */ = {isa = PBXFileReference; lastKnownFileType = "sourcecode.text-based-dylib-definition"; name = libz.tbd; path = usr/lib/libz.tbd; sourceTree = SDKROOT; };
		53B22C321D2618B500E8EBA5 /* libicucore.tbd */ = {isa = PBXFileReference; lastKnownFileType = "sourcecode.text-based-dylib-definition"; name = libicucore.tbd; path = usr/lib/libicucore.tbd; sourceTree = SDKROOT; };
		53B22C341D2618C000E8EBA5 /* MessageUI.framework */ = {isa = PBXFileReference; lastKnownFileType = wrapper.framework; name = MessageUI.framework; path = System/Library/Frameworks/MessageUI.framework; sourceTree = SDKROOT; };
		53B22C361D2618CA00E8EBA5 /* JavaScriptCore.framework */ = {isa = PBXFileReference; lastKnownFileType = wrapper.framework; name = JavaScriptCore.framework; path = System/Library/Frameworks/JavaScriptCore.framework; sourceTree = SDKROOT; };
		53B22C381D2618D900E8EBA5 /* libstdc++.tbd */ = {isa = PBXFileReference; lastKnownFileType = "sourcecode.text-based-dylib-definition"; name = "libstdc++.tbd"; path = "usr/lib/libstdc++.tbd"; sourceTree = SDKROOT; };
		53B22C3A1D2618E400E8EBA5 /* AddressBook.framework */ = {isa = PBXFileReference; lastKnownFileType = wrapper.framework; name = AddressBook.framework; path = System/Library/Frameworks/AddressBook.framework; sourceTree = SDKROOT; };
		53B22C3C1D2618E900E8EBA5 /* AddressBookUI.framework */ = {isa = PBXFileReference; lastKnownFileType = wrapper.framework; name = AddressBookUI.framework; path = System/Library/Frameworks/AddressBookUI.framework; sourceTree = SDKROOT; };
		53B22C3E1D264F8700E8EBA5 /* CoreLocation.framework */ = {isa = PBXFileReference; lastKnownFileType = wrapper.framework; name = CoreLocation.framework; path = System/Library/Frameworks/CoreLocation.framework; sourceTree = SDKROOT; };
		53B22C401D264F9100E8EBA5 /* CoreGraphics.framework */ = {isa = PBXFileReference; lastKnownFileType = wrapper.framework; name = CoreGraphics.framework; path = System/Library/Frameworks/CoreGraphics.framework; sourceTree = SDKROOT; };
		53B22C421D264FA000E8EBA5 /* Foundation.framework */ = {isa = PBXFileReference; lastKnownFileType = wrapper.framework; name = Foundation.framework; path = System/Library/Frameworks/Foundation.framework; sourceTree = SDKROOT; };
		53B22C441D264FAE00E8EBA5 /* UIKit.framework */ = {isa = PBXFileReference; lastKnownFileType = wrapper.framework; name = UIKit.framework; path = System/Library/Frameworks/UIKit.framework; sourceTree = SDKROOT; };
		53B22C461D264FB300E8EBA5 /* MapKit.framework */ = {isa = PBXFileReference; lastKnownFileType = wrapper.framework; name = MapKit.framework; path = System/Library/Frameworks/MapKit.framework; sourceTree = SDKROOT; };
		53B22C501D26645D00E8EBA5 /* PersonalsignatureViewController.h */ = {isa = PBXFileReference; fileEncoding = 4; lastKnownFileType = sourcecode.c.h; path = PersonalsignatureViewController.h; sourceTree = "<group>"; };
		53B22C511D26645D00E8EBA5 /* PersonalsignatureViewController.m */ = {isa = PBXFileReference; fileEncoding = 4; lastKnownFileType = sourcecode.c.objc; path = PersonalsignatureViewController.m; sourceTree = "<group>"; };
		53B9C8671D24FF56003C629B /* AFHTTPSessionManager.h */ = {isa = PBXFileReference; fileEncoding = 4; lastKnownFileType = sourcecode.c.h; path = AFHTTPSessionManager.h; sourceTree = "<group>"; };
		53B9C8681D24FF56003C629B /* AFHTTPSessionManager.m */ = {isa = PBXFileReference; fileEncoding = 4; lastKnownFileType = sourcecode.c.objc; path = AFHTTPSessionManager.m; sourceTree = "<group>"; };
		53B9C8691D24FF56003C629B /* AFNetworking.h */ = {isa = PBXFileReference; fileEncoding = 4; lastKnownFileType = sourcecode.c.h; path = AFNetworking.h; sourceTree = "<group>"; };
		53B9C86A1D24FF56003C629B /* AFNetworkReachabilityManager.h */ = {isa = PBXFileReference; fileEncoding = 4; lastKnownFileType = sourcecode.c.h; path = AFNetworkReachabilityManager.h; sourceTree = "<group>"; };
		53B9C86B1D24FF56003C629B /* AFNetworkReachabilityManager.m */ = {isa = PBXFileReference; fileEncoding = 4; lastKnownFileType = sourcecode.c.objc; path = AFNetworkReachabilityManager.m; sourceTree = "<group>"; };
		53B9C86C1D24FF56003C629B /* AFSecurityPolicy.h */ = {isa = PBXFileReference; fileEncoding = 4; lastKnownFileType = sourcecode.c.h; path = AFSecurityPolicy.h; sourceTree = "<group>"; };
		53B9C86D1D24FF56003C629B /* AFSecurityPolicy.m */ = {isa = PBXFileReference; fileEncoding = 4; lastKnownFileType = sourcecode.c.objc; path = AFSecurityPolicy.m; sourceTree = "<group>"; };
		53B9C86E1D24FF56003C629B /* AFURLRequestSerialization.h */ = {isa = PBXFileReference; fileEncoding = 4; lastKnownFileType = sourcecode.c.h; path = AFURLRequestSerialization.h; sourceTree = "<group>"; };
		53B9C86F1D24FF56003C629B /* AFURLRequestSerialization.m */ = {isa = PBXFileReference; fileEncoding = 4; lastKnownFileType = sourcecode.c.objc; path = AFURLRequestSerialization.m; sourceTree = "<group>"; };
		53B9C8701D24FF56003C629B /* AFURLResponseSerialization.h */ = {isa = PBXFileReference; fileEncoding = 4; lastKnownFileType = sourcecode.c.h; path = AFURLResponseSerialization.h; sourceTree = "<group>"; };
		53B9C8711D24FF56003C629B /* AFURLResponseSerialization.m */ = {isa = PBXFileReference; fileEncoding = 4; lastKnownFileType = sourcecode.c.objc; path = AFURLResponseSerialization.m; sourceTree = "<group>"; };
		53B9C8721D24FF56003C629B /* AFURLSessionManager.h */ = {isa = PBXFileReference; fileEncoding = 4; lastKnownFileType = sourcecode.c.h; path = AFURLSessionManager.h; sourceTree = "<group>"; };
		53B9C8731D24FF56003C629B /* AFURLSessionManager.m */ = {isa = PBXFileReference; fileEncoding = 4; lastKnownFileType = sourcecode.c.objc; path = AFURLSessionManager.m; sourceTree = "<group>"; };
		53B9C87B1D2500E8003C629B /* APIClient.h */ = {isa = PBXFileReference; fileEncoding = 4; lastKnownFileType = sourcecode.c.h; path = APIClient.h; sourceTree = "<group>"; };
		53B9C87C1D2500E8003C629B /* APIClient.m */ = {isa = PBXFileReference; fileEncoding = 4; lastKnownFileType = sourcecode.c.objc; path = APIClient.m; sourceTree = "<group>"; };
		53B9C87E1D250108003C629B /* HttpTool.h */ = {isa = PBXFileReference; fileEncoding = 4; lastKnownFileType = sourcecode.c.h; path = HttpTool.h; sourceTree = "<group>"; };
		53B9C87F1D250108003C629B /* HttpTool.m */ = {isa = PBXFileReference; fileEncoding = 4; lastKnownFileType = sourcecode.c.objc; path = HttpTool.m; sourceTree = "<group>"; };
		53C2E1941D3372AB0059EA9A /* IndividualitysignatureViewController.h */ = {isa = PBXFileReference; fileEncoding = 4; lastKnownFileType = sourcecode.c.h; path = IndividualitysignatureViewController.h; sourceTree = "<group>"; };
		53C2E1951D3372AB0059EA9A /* IndividualitysignatureViewController.m */ = {isa = PBXFileReference; fileEncoding = 4; lastKnownFileType = sourcecode.c.objc; path = IndividualitysignatureViewController.m; sourceTree = "<group>"; };
		53C2E19B1D33889D0059EA9A /* feedbackViewController.h */ = {isa = PBXFileReference; fileEncoding = 4; lastKnownFileType = sourcecode.c.h; path = feedbackViewController.h; sourceTree = "<group>"; };
		53C2E19C1D33889D0059EA9A /* feedbackViewController.m */ = {isa = PBXFileReference; fileEncoding = 4; lastKnownFileType = sourcecode.c.objc; path = feedbackViewController.m; sourceTree = "<group>"; };
		53D2ACCC1D235CC0001BA2C2 /* FMDatabase.h */ = {isa = PBXFileReference; fileEncoding = 4; lastKnownFileType = sourcecode.c.h; path = FMDatabase.h; sourceTree = "<group>"; };
		53D2ACCD1D235CC0001BA2C2 /* FMDatabase.m */ = {isa = PBXFileReference; fileEncoding = 4; lastKnownFileType = sourcecode.c.objc; path = FMDatabase.m; sourceTree = "<group>"; };
		53D2ACCE1D235CC0001BA2C2 /* FMDatabaseAdditions.h */ = {isa = PBXFileReference; fileEncoding = 4; lastKnownFileType = sourcecode.c.h; path = FMDatabaseAdditions.h; sourceTree = "<group>"; };
		53D2ACCF1D235CC0001BA2C2 /* FMDatabaseAdditions.m */ = {isa = PBXFileReference; fileEncoding = 4; lastKnownFileType = sourcecode.c.objc; path = FMDatabaseAdditions.m; sourceTree = "<group>"; };
		53D2ACD01D235CC0001BA2C2 /* FMDatabasePool.h */ = {isa = PBXFileReference; fileEncoding = 4; lastKnownFileType = sourcecode.c.h; path = FMDatabasePool.h; sourceTree = "<group>"; };
		53D2ACD11D235CC0001BA2C2 /* FMDatabasePool.m */ = {isa = PBXFileReference; fileEncoding = 4; lastKnownFileType = sourcecode.c.objc; path = FMDatabasePool.m; sourceTree = "<group>"; };
		53D2ACD21D235CC0001BA2C2 /* FMDatabaseQueue.h */ = {isa = PBXFileReference; fileEncoding = 4; lastKnownFileType = sourcecode.c.h; path = FMDatabaseQueue.h; sourceTree = "<group>"; };
		53D2ACD31D235CC0001BA2C2 /* FMDatabaseQueue.m */ = {isa = PBXFileReference; fileEncoding = 4; lastKnownFileType = sourcecode.c.objc; path = FMDatabaseQueue.m; sourceTree = "<group>"; };
		53D2ACD41D235CC0001BA2C2 /* FMDB.h */ = {isa = PBXFileReference; fileEncoding = 4; lastKnownFileType = sourcecode.c.h; path = FMDB.h; sourceTree = "<group>"; };
		53D2ACD51D235CC0001BA2C2 /* FMResultSet.h */ = {isa = PBXFileReference; fileEncoding = 4; lastKnownFileType = sourcecode.c.h; path = FMResultSet.h; sourceTree = "<group>"; };
		53D2ACD61D235CC0001BA2C2 /* FMResultSet.m */ = {isa = PBXFileReference; fileEncoding = 4; lastKnownFileType = sourcecode.c.objc; path = FMResultSet.m; sourceTree = "<group>"; };
		53D2ACDF1D2373D1001BA2C2 /* NSString+SZYKit.h */ = {isa = PBXFileReference; fileEncoding = 4; lastKnownFileType = sourcecode.c.h; path = "NSString+SZYKit.h"; sourceTree = "<group>"; };
		53D2ACE01D2373D1001BA2C2 /* NSString+SZYKit.m */ = {isa = PBXFileReference; fileEncoding = 4; lastKnownFileType = sourcecode.c.objc; path = "NSString+SZYKit.m"; sourceTree = "<group>"; };
		53D2ACE21D239187001BA2C2 /* materal_finder.h */ = {isa = PBXFileReference; fileEncoding = 4; lastKnownFileType = sourcecode.c.h; path = materal_finder.h; sourceTree = "<group>"; };
		53D2ACE31D239187001BA2C2 /* materal_finder.m */ = {isa = PBXFileReference; fileEncoding = 4; lastKnownFileType = sourcecode.c.objc; path = materal_finder.m; sourceTree = "<group>"; };
		53D2ACE81D239E0D001BA2C2 /* materal_model.h */ = {isa = PBXFileReference; fileEncoding = 4; lastKnownFileType = sourcecode.c.h; path = materal_model.h; sourceTree = "<group>"; };
		53D2ACE91D239E0D001BA2C2 /* materal_model.m */ = {isa = PBXFileReference; fileEncoding = 4; lastKnownFileType = sourcecode.c.objc; path = materal_model.m; sourceTree = "<group>"; };
		53D2ACF11D23A02E001BA2C2 /* Datebase_materallist.h */ = {isa = PBXFileReference; fileEncoding = 4; lastKnownFileType = sourcecode.c.h; name = Datebase_materallist.h; path = ../Datebase_materallist.h; sourceTree = "<group>"; };
		53D2ACF21D23A02E001BA2C2 /* Datebase_materallist.m */ = {isa = PBXFileReference; fileEncoding = 4; lastKnownFileType = sourcecode.c.objc; name = Datebase_materallist.m; path = ../Datebase_materallist.m; sourceTree = "<group>"; };
		53D402A31D34830A00B91958 /* setview.h */ = {isa = PBXFileReference; fileEncoding = 4; lastKnownFileType = sourcecode.c.h; path = setview.h; sourceTree = "<group>"; };
		53D402A41D34830A00B91958 /* setview.m */ = {isa = PBXFileReference; fileEncoding = 4; lastKnownFileType = sourcecode.c.objc; path = setview.m; sourceTree = "<group>"; };
		53DC007C1D2B586700989E31 /* Assets.xcassets */ = {isa = PBXFileReference; lastKnownFileType = folder.assetcatalog; name = Assets.xcassets; path = OralEdu/Assets.xcassets; sourceTree = "<group>"; };
		53E5EA2B1D30896100FA06D8 /* setCell3.h */ = {isa = PBXFileReference; fileEncoding = 4; lastKnownFileType = sourcecode.c.h; path = setCell3.h; sourceTree = "<group>"; };
		53E5EA2C1D30896100FA06D8 /* setCell3.m */ = {isa = PBXFileReference; fileEncoding = 4; lastKnownFileType = sourcecode.c.objc; path = setCell3.m; sourceTree = "<group>"; };
		53E91A1B1D1B70E40091E85A /* OralEdu.app */ = {isa = PBXFileReference; explicitFileType = wrapper.application; includeInIndex = 0; path = OralEdu.app; sourceTree = BUILT_PRODUCTS_DIR; };
		53E91A1F1D1B70E40091E85A /* main.m */ = {isa = PBXFileReference; lastKnownFileType = sourcecode.c.objc; path = main.m; sourceTree = "<group>"; };
		53E91A211D1B70E40091E85A /* AppDelegate.h */ = {isa = PBXFileReference; lastKnownFileType = sourcecode.c.h; name = AppDelegate.h; path = OralEdu/AppDelegate.h; sourceTree = "<group>"; };
		53E91A221D1B70E40091E85A /* AppDelegate.m */ = {isa = PBXFileReference; lastKnownFileType = sourcecode.c.objc; name = AppDelegate.m; path = OralEdu/AppDelegate.m; sourceTree = "<group>"; };
		53E91A241D1B70E40091E85A /* ViewController.h */ = {isa = PBXFileReference; lastKnownFileType = sourcecode.c.h; name = ViewController.h; path = OralEdu/ViewController.h; sourceTree = "<group>"; };
		53E91A251D1B70E40091E85A /* ViewController.m */ = {isa = PBXFileReference; lastKnownFileType = sourcecode.c.objc; name = ViewController.m; path = OralEdu/ViewController.m; sourceTree = "<group>"; };
		53E91A281D1B70E40091E85A /* Base */ = {isa = PBXFileReference; lastKnownFileType = file.storyboard; name = Base; path = Base.lproj/Main.storyboard; sourceTree = "<group>"; };
		53E91A2D1D1B70E40091E85A /* Base */ = {isa = PBXFileReference; lastKnownFileType = file.storyboard; name = Base; path = Base.lproj/LaunchScreen.storyboard; sourceTree = "<group>"; };
		53E91A2F1D1B70E40091E85A /* Info.plist */ = {isa = PBXFileReference; lastKnownFileType = text.plist.xml; name = Info.plist; path = OralEdu/Info.plist; sourceTree = "<group>"; };
		53E91A3E1D1B72A50091E85A /* homeViewController.h */ = {isa = PBXFileReference; fileEncoding = 4; lastKnownFileType = sourcecode.c.h; path = homeViewController.h; sourceTree = "<group>"; };
		53E91A3F1D1B72A50091E85A /* homeViewController.m */ = {isa = PBXFileReference; fileEncoding = 4; lastKnownFileType = sourcecode.c.objc; path = homeViewController.m; sourceTree = "<group>"; };
		53E91A421D1B72D50091E85A /* ITRAirSideMenu.h */ = {isa = PBXFileReference; fileEncoding = 4; lastKnownFileType = sourcecode.c.h; path = ITRAirSideMenu.h; sourceTree = "<group>"; };
		53E91A431D1B72D50091E85A /* ITRAirSideMenu.m */ = {isa = PBXFileReference; fileEncoding = 4; lastKnownFileType = sourcecode.c.objc; path = ITRAirSideMenu.m; sourceTree = "<group>"; };
		53E91A491D1B73790091E85A /* leftViewController.h */ = {isa = PBXFileReference; fileEncoding = 4; lastKnownFileType = sourcecode.c.h; path = leftViewController.h; sourceTree = "<group>"; };
		53E91A4A1D1B73790091E85A /* leftViewController.m */ = {isa = PBXFileReference; fileEncoding = 4; lastKnownFileType = sourcecode.c.objc; path = leftViewController.m; sourceTree = "<group>"; };
		53E91A561D1BB9860091E85A /* SearchViewController.h */ = {isa = PBXFileReference; fileEncoding = 4; lastKnownFileType = sourcecode.c.h; path = SearchViewController.h; sourceTree = "<group>"; };
		53E91A571D1BB9860091E85A /* SearchViewController.m */ = {isa = PBXFileReference; fileEncoding = 4; lastKnownFileType = sourcecode.c.objc; path = SearchViewController.m; sourceTree = "<group>"; };
		5828C3C51D34E6130075942B /* searchcell.h */ = {isa = PBXFileReference; fileEncoding = 4; lastKnownFileType = sourcecode.c.h; path = searchcell.h; sourceTree = "<group>"; };
		5828C3C61D34E6130075942B /* searchcell.m */ = {isa = PBXFileReference; fileEncoding = 4; lastKnownFileType = sourcecode.c.objc; path = searchcell.m; sourceTree = "<group>"; };
		585615151D332D4D00B54508 /* UIImage+needkit.h */ = {isa = PBXFileReference; fileEncoding = 4; lastKnownFileType = sourcecode.c.h; path = "UIImage+needkit.h"; sourceTree = "<group>"; };
		585615161D332D4D00B54508 /* UIImage+needkit.m */ = {isa = PBXFileReference; fileEncoding = 4; lastKnownFileType = sourcecode.c.objc; path = "UIImage+needkit.m"; sourceTree = "<group>"; };
		FECC946A1D26125D006F955A /* faceVideoViewController.h */ = {isa = PBXFileReference; fileEncoding = 4; lastKnownFileType = sourcecode.c.h; path = faceVideoViewController.h; sourceTree = "<group>"; };
		FECC946B1D26125D006F955A /* faceVideoViewController.m */ = {isa = PBXFileReference; fileEncoding = 4; lastKnownFileType = sourcecode.c.objc; path = faceVideoViewController.m; sourceTree = "<group>"; };
		FECC946D1D2636F7006F955A /* PIDrawerView.h */ = {isa = PBXFileReference; fileEncoding = 4; lastKnownFileType = sourcecode.c.h; path = PIDrawerView.h; sourceTree = "<group>"; };
		FECC946E1D2636F7006F955A /* PIDrawerView.m */ = {isa = PBXFileReference; fileEncoding = 4; lastKnownFileType = sourcecode.c.objc; path = PIDrawerView.m; sourceTree = "<group>"; };
		FECC94701D264936006F955A /* MobileCoreServices.framework */ = {isa = PBXFileReference; lastKnownFileType = wrapper.framework; name = MobileCoreServices.framework; path = System/Library/Frameworks/MobileCoreServices.framework; sourceTree = SDKROOT; };
		FECC94721D264953006F955A /* CoreGraphics.framework */ = {isa = PBXFileReference; lastKnownFileType = wrapper.framework; name = CoreGraphics.framework; path = System/Library/Frameworks/CoreGraphics.framework; sourceTree = SDKROOT; };
		FECC94781D266937006F955A /* videoRightView.h */ = {isa = PBXFileReference; fileEncoding = 4; lastKnownFileType = sourcecode.c.h; path = videoRightView.h; sourceTree = "<group>"; };
		FECC94791D266938006F955A /* videoRightView.m */ = {isa = PBXFileReference; fileEncoding = 4; lastKnownFileType = sourcecode.c.objc; path = videoRightView.m; sourceTree = "<group>"; };
		FECC947B1D2A5D57006F955A /* pickImageView.h */ = {isa = PBXFileReference; fileEncoding = 4; lastKnownFileType = sourcecode.c.h; path = pickImageView.h; sourceTree = "<group>"; };
		FECC947C1D2A5D57006F955A /* pickImageView.m */ = {isa = PBXFileReference; fileEncoding = 4; lastKnownFileType = sourcecode.c.objc; path = pickImageView.m; sourceTree = "<group>"; };
		FECC947E1D2B8D97006F955A /* imageMenuView.h */ = {isa = PBXFileReference; fileEncoding = 4; lastKnownFileType = sourcecode.c.h; path = imageMenuView.h; sourceTree = "<group>"; };
		FECC947F1D2B8D97006F955A /* imageMenuView.m */ = {isa = PBXFileReference; fileEncoding = 4; lastKnownFileType = sourcecode.c.objc; path = imageMenuView.m; sourceTree = "<group>"; };
		FECC94841D2CE448006F955A /* iflyMSC.framework */ = {isa = PBXFileReference; lastKnownFileType = wrapper.framework; path = iflyMSC.framework; sourceTree = "<group>"; };
		FECC94B61D2CF71E006F955A /* voiceViewController.h */ = {isa = PBXFileReference; fileEncoding = 4; lastKnownFileType = sourcecode.c.h; path = voiceViewController.h; sourceTree = "<group>"; };
		FECC94B71D2CF71E006F955A /* voiceViewController.m */ = {isa = PBXFileReference; fileEncoding = 4; lastKnownFileType = sourcecode.c.objc; path = voiceViewController.m; sourceTree = "<group>"; };
/* End PBXFileReference section */

/* Begin PBXFrameworksBuildPhase section */
		53E91A181D1B70E40091E85A /* Frameworks */ = {
			isa = PBXFrameworksBuildPhase;
			buildActionMask = 2147483647;
			files = (
				FECC94731D264953006F955A /* CoreGraphics.framework in Frameworks */,
				FECC94711D264936006F955A /* MobileCoreServices.framework in Frameworks */,
				53B22C471D264FB300E8EBA5 /* MapKit.framework in Frameworks */,
				53B22C451D264FAE00E8EBA5 /* UIKit.framework in Frameworks */,
				FECC94851D2CE448006F955A /* iflyMSC.framework in Frameworks */,
				53B22C431D264FA000E8EBA5 /* Foundation.framework in Frameworks */,
				53B22C411D264F9100E8EBA5 /* CoreGraphics.framework in Frameworks */,
				53B22C3F1D264F8700E8EBA5 /* CoreLocation.framework in Frameworks */,
				53B22C3D1D2618E900E8EBA5 /* AddressBookUI.framework in Frameworks */,
				53B22C3B1D2618E400E8EBA5 /* AddressBook.framework in Frameworks */,
				53B22C391D2618D900E8EBA5 /* libstdc++.tbd in Frameworks */,
				53B22C371D2618CA00E8EBA5 /* JavaScriptCore.framework in Frameworks */,
				53B22C351D2618C000E8EBA5 /* MessageUI.framework in Frameworks */,
				53B22C331D2618B500E8EBA5 /* libicucore.tbd in Frameworks */,
				53B22C311D2618A800E8EBA5 /* libz.tbd in Frameworks */,
				53B22C2E1D26182100E8EBA5 /* MOBFoundation.framework in Frameworks */,
				53B22C2F1D26182100E8EBA5 /* SMS_SDK.framework in Frameworks */,
				53371D4F1D22D1540040F7A7 /* libsqlite3.0.tbd in Frameworks */,
				53371D4A1D226DFE0040F7A7 /* QuartzCore.framework in Frameworks */,
			);
			runOnlyForDeploymentPostprocessing = 0;
		};
/* End PBXFrameworksBuildPhase section */

/* Begin PBXGroup section */
		530538E41D1C0DDA001736B3 /* materialView素材库 */ = {
			isa = PBXGroup;
			children = (
				530538E71D1C0DF7001736B3 /* Model */,
				530538E61D1C0DF3001736B3 /* View */,
				530538E51D1C0DE8001736B3 /* Controller */,
			);
			name = "materialView素材库";
			sourceTree = "<group>";
		};
		530538E51D1C0DE8001736B3 /* Controller */ = {
			isa = PBXGroup;
			children = (
				538D2E901D1E899300BB9588 /* materViewController.h */,
				538D2E911D1E899300BB9588 /* materViewController.m */,
			);
			name = Controller;
			sourceTree = "<group>";
		};
		530538E61D1C0DF3001736B3 /* View */ = {
			isa = PBXGroup;
			children = (
				53464A791D20072F00F9631B /* DWBubbleMenuButton.h */,
				53464A7A1D20072F00F9631B /* DWBubbleMenuButton.m */,
				538D2E961D1EB3B600BB9588 /* materalCell.h */,
				538D2E971D1EB3B600BB9588 /* materalCell.m */,
			);
			name = View;
			sourceTree = "<group>";
		};
		530538E71D1C0DF7001736B3 /* Model */ = {
			isa = PBXGroup;
			children = (
				53D2ACF11D23A02E001BA2C2 /* Datebase_materallist.h */,
				53D2ACF21D23A02E001BA2C2 /* Datebase_materallist.m */,
				53D2ACE21D239187001BA2C2 /* materal_finder.h */,
				53D2ACE31D239187001BA2C2 /* materal_finder.m */,
			);
			name = Model;
			sourceTree = "<group>";
		};
		530538EB1D1C0F58001736B3 /* Setting设置 */ = {
			isa = PBXGroup;
			children = (
				530538EE1D1C0F6C001736B3 /* Model */,
				530538ED1D1C0F68001736B3 /* View */,
				530538EC1D1C0F61001736B3 /* Controller */,
			);
			name = "Setting设置";
			sourceTree = "<group>";
		};
		530538EC1D1C0F61001736B3 /* Controller */ = {
			isa = PBXGroup;
			children = (
				530538EF1D1C0F7B001736B3 /* setViewController.h */,
				530538F01D1C0F7B001736B3 /* setViewController.m */,
			);
			name = Controller;
			sourceTree = "<group>";
		};
		530538ED1D1C0F68001736B3 /* View */ = {
			isa = PBXGroup;
			children = (
				530F6E751D27DAD900A3A2AE /* setCell1.h */,
				530F6E761D27DAD900A3A2AE /* setCell1.m */,
				530F6E781D27DAE600A3A2AE /* setCell2.h */,
				530F6E791D27DAE600A3A2AE /* setCell2.m */,
				53E5EA2B1D30896100FA06D8 /* setCell3.h */,
				53E5EA2C1D30896100FA06D8 /* setCell3.m */,
			);
			name = View;
			sourceTree = "<group>";
		};
		530538EE1D1C0F6C001736B3 /* Model */ = {
			isa = PBXGroup;
			children = (
				538D2E521D1D509600BB9588 /* setModel.h */,
				538D2E531D1D509600BB9588 /* setModel.m */,
			);
			name = Model;
			sourceTree = "<group>";
		};
		530F6E451D268D5500A3A2AE /* SVPullToRefresh */ = {
			isa = PBXGroup;
			children = (
				530F6E461D268D5500A3A2AE /* SVPullToRefresh.h */,
				530F6E471D268D5500A3A2AE /* UIScrollView+SVInfiniteScrolling.h */,
				530F6E481D268D5500A3A2AE /* UIScrollView+SVInfiniteScrolling.m */,
				530F6E491D268D5500A3A2AE /* UIScrollView+SVPullToRefresh.h */,
				530F6E4A1D268D5500A3A2AE /* UIScrollView+SVPullToRefresh.m */,
			);
			name = SVPullToRefresh;
			path = OralEdu/SVPullToRefresh;
			sourceTree = "<group>";
		};
		5379B5271D2939CA00D38D4C /* ZCYlocation */ = {
			isa = PBXGroup;
			children = (
				5379B5281D2939CA00D38D4C /* ZCYlocation.h */,
				5379B5291D2939CA00D38D4C /* ZCYlocation.m */,
			);
			name = ZCYlocation;
			path = OralEdu/ZCYlocation;
			sourceTree = "<group>";
		};
		538C3CFD1D2FA65700AEBE47 /* mobilephone修改手机号 */ = {
			isa = PBXGroup;
			children = (
				538C3D001D2FA67200AEBE47 /* Controller */,
				538C3CFF1D2FA66E00AEBE47 /* View */,
				538C3CFE1D2FA66600AEBE47 /* Model */,
			);
			name = "mobilephone修改手机号";
			sourceTree = "<group>";
		};
		538C3CFE1D2FA66600AEBE47 /* Model */ = {
			isa = PBXGroup;
			children = (
			);
			name = Model;
			sourceTree = "<group>";
		};
		538C3CFF1D2FA66E00AEBE47 /* View */ = {
			isa = PBXGroup;
			children = (
			);
			name = View;
			sourceTree = "<group>";
		};
		538C3D001D2FA67200AEBE47 /* Controller */ = {
			isa = PBXGroup;
			children = (
				538C3D011D2FA68A00AEBE47 /* mobilephoneViewController.h */,
				538C3D021D2FA68A00AEBE47 /* mobilephoneViewController.m */,
			);
			name = Controller;
			sourceTree = "<group>";
		};
		538D2E441D1CDB4600BB9588 /* Infomation个人信息 */ = {
			isa = PBXGroup;
			children = (
				538D2E471D1CDB6000BB9588 /* Model */,
				538D2E461D1CDB5C00BB9588 /* View */,
				538D2E451D1CDB5200BB9588 /* Controller */,
			);
			name = "Infomation个人信息";
			sourceTree = "<group>";
		};
		538D2E451D1CDB5200BB9588 /* Controller */ = {
			isa = PBXGroup;
			children = (
				538D2E481D1CDB7200BB9588 /* infomationViewController.h */,
				538D2E491D1CDB7200BB9588 /* infomationViewController.m */,
			);
			name = Controller;
			sourceTree = "<group>";
		};
		538D2E461D1CDB5C00BB9588 /* View */ = {
			isa = PBXGroup;
			children = (
				538D2E7A1D1E5EF100BB9588 /* infoCell1.h */,
				538D2E7B1D1E5EF100BB9588 /* infoCell1.m */,
				538D2E7D1D1E5F0000BB9588 /* infoCell2.h */,
				538D2E7E1D1E5F0000BB9588 /* infoCell2.m */,
				5379B5241D29318D00D38D4C /* infoCell3.h */,
				5379B5251D29318D00D38D4C /* infoCell3.m */,
			);
			name = View;
			sourceTree = "<group>";
		};
		538D2E471D1CDB6000BB9588 /* Model */ = {
			isa = PBXGroup;
			children = (
				538D2E801D1E666800BB9588 /* infoModel.h */,
				538D2E811D1E666800BB9588 /* infoModel.m */,
			);
			name = Model;
			sourceTree = "<group>";
		};
		538D2E4E1D1D388D00BB9588 /* Aboutme 关于我们 */ = {
			isa = PBXGroup;
			children = (
				538D2E4F1D1D38B400BB9588 /* aboutViewController.h */,
				538D2E501D1D38B400BB9588 /* aboutViewController.m */,
			);
			name = "Aboutme 关于我们";
			sourceTree = "<group>";
		};
		538D2E551D1D5CC300BB9588 /* myinfomation我的个人信息 */ = {
			isa = PBXGroup;
			children = (
				538D2E581D1D5CE100BB9588 /* Model */,
				538D2E571D1D5CDD00BB9588 /* View */,
				538D2E561D1D5CD600BB9588 /* Controller */,
			);
			name = "myinfomation我的个人信息";
			sourceTree = "<group>";
		};
		538D2E561D1D5CD600BB9588 /* Controller */ = {
			isa = PBXGroup;
			children = (
				538D2E591D1D5CFC00BB9588 /* myinfoViewController.h */,
				538D2E5A1D1D5CFC00BB9588 /* myinfoViewController.m */,
			);
			name = Controller;
			sourceTree = "<group>";
		};
		538D2E571D1D5CDD00BB9588 /* View */ = {
			isa = PBXGroup;
			children = (
				538D2E5C1D1D648D00BB9588 /* infoTableViewCell1.h */,
				538D2E5D1D1D648D00BB9588 /* infoTableViewCell1.m */,
				538D2E5F1D1D69D300BB9588 /* infoTableViewCell2.h */,
				538D2E601D1D69D300BB9588 /* infoTableViewCell2.m */,
			);
			name = View;
			sourceTree = "<group>";
		};
		538D2E581D1D5CE100BB9588 /* Model */ = {
			isa = PBXGroup;
			children = (
				538D2E621D1E12E300BB9588 /* picModel.h */,
				538D2E631D1E12E300BB9588 /* picModel.m */,
			);
			name = Model;
			sourceTree = "<group>";
		};
		538D2E651D1E1F5300BB9588 /* address修改地址 */ = {
			isa = PBXGroup;
			children = (
				538D2E681D1E1F6F00BB9588 /* Model */,
				538D2E671D1E1F6800BB9588 /* View */,
				538D2E661D1E1F6100BB9588 /* Controller */,
			);
			name = "address修改地址";
			sourceTree = "<group>";
		};
		538D2E661D1E1F6100BB9588 /* Controller */ = {
			isa = PBXGroup;
			children = (
				538D2E691D1E1F7F00BB9588 /* addressViewController.h */,
				538D2E6A1D1E1F7F00BB9588 /* addressViewController.m */,
			);
			name = Controller;
			sourceTree = "<group>";
		};
		538D2E671D1E1F6800BB9588 /* View */ = {
			isa = PBXGroup;
			children = (
			);
			name = View;
			sourceTree = "<group>";
		};
		538D2E681D1E1F6F00BB9588 /* Model */ = {
			isa = PBXGroup;
			children = (
			);
			name = Model;
			sourceTree = "<group>";
		};
		538D2E6C1D1E22B200BB9588 /* password修改密码 */ = {
			isa = PBXGroup;
			children = (
				538D2E6F1D1E22D200BB9588 /* Model */,
				538D2E6E1D1E22CF00BB9588 /* View */,
				538D2E6D1D1E22C800BB9588 /* Controller */,
			);
			name = "password修改密码";
			sourceTree = "<group>";
		};
		538D2E6D1D1E22C800BB9588 /* Controller */ = {
			isa = PBXGroup;
			children = (
				538D2E701D1E22E100BB9588 /* passwordViewController.h */,
				538D2E711D1E22E100BB9588 /* passwordViewController.m */,
			);
			name = Controller;
			sourceTree = "<group>";
		};
		538D2E6E1D1E22CF00BB9588 /* View */ = {
			isa = PBXGroup;
			children = (
			);
			name = View;
			sourceTree = "<group>";
		};
		538D2E6F1D1E22D200BB9588 /* Model */ = {
			isa = PBXGroup;
			children = (
			);
			name = Model;
			sourceTree = "<group>";
		};
		538D2E731D1E522A00BB9588 /* name修改用户名 */ = {
			isa = PBXGroup;
			children = (
				538D2E761D1E525500BB9588 /* Model */,
				538D2E751D1E523A00BB9588 /* View */,
				538D2E741D1E523300BB9588 /* Controller */,
			);
			name = "name修改用户名";
			sourceTree = "<group>";
		};
		538D2E741D1E523300BB9588 /* Controller */ = {
			isa = PBXGroup;
			children = (
				538D2E771D1E526400BB9588 /* nameViewController.h */,
				538D2E781D1E526400BB9588 /* nameViewController.m */,
			);
			name = Controller;
			sourceTree = "<group>";
		};
		538D2E751D1E523A00BB9588 /* View */ = {
			isa = PBXGroup;
			children = (
			);
			name = View;
			sourceTree = "<group>";
		};
		538D2E761D1E525500BB9588 /* Model */ = {
			isa = PBXGroup;
			children = (
			);
			name = Model;
			sourceTree = "<group>";
		};
		538D2E831D1E708600BB9588 /* Controller */ = {
			isa = PBXGroup;
			children = (
				53E91A561D1BB9860091E85A /* SearchViewController.h */,
				53E91A571D1BB9860091E85A /* SearchViewController.m */,
			);
			name = Controller;
			sourceTree = "<group>";
		};
		538D2E841D1E708E00BB9588 /* View */ = {
			isa = PBXGroup;
			children = (
				538D2E931D1EAC6000BB9588 /* hisView.h */,
				538D2E941D1EAC6000BB9588 /* hisView.m */,
				5828C3C51D34E6130075942B /* searchcell.h */,
				5828C3C61D34E6130075942B /* searchcell.m */,
			);
			name = View;
			sourceTree = "<group>";
		};
		538D2E851D1E709200BB9588 /* Model */ = {
			isa = PBXGroup;
			children = (
				538D2E861D1E71DF00BB9588 /* hisModel.h */,
				538D2E871D1E71DF00BB9588 /* hisModel.m */,
			);
			name = Model;
			sourceTree = "<group>";
		};
		538D2E991D1EBB0D00BB9588 /* specificmateral详细素材 */ = {
			isa = PBXGroup;
			children = (
				538D2E9C1D1EBB5300BB9588 /* Model */,
				538D2E9B1D1EBB4D00BB9588 /* View */,
				538D2E9A1D1EBB4400BB9588 /* Controller */,
			);
			name = "specificmateral详细素材";
			sourceTree = "<group>";
		};
		538D2E9A1D1EBB4400BB9588 /* Controller */ = {
			isa = PBXGroup;
			children = (
				538D2E9D1D1EBB6A00BB9588 /* speaificViewController.h */,
				538D2E9E1D1EBB6A00BB9588 /* speaificViewController.m */,
			);
			name = Controller;
			sourceTree = "<group>";
		};
		538D2E9B1D1EBB4D00BB9588 /* View */ = {
			isa = PBXGroup;
			children = (
				53371D4B1D22BD800040F7A7 /* imageTableViewCell.h */,
				53371D4C1D22BD800040F7A7 /* imageTableViewCell.m */,
				535FE8DD1D254070004C6100 /* imageCollectionViewCell.h */,
				535FE8DE1D254070004C6100 /* imageCollectionViewCell.m */,
			);
			name = View;
			sourceTree = "<group>";
		};
		538D2E9C1D1EBB5300BB9588 /* Model */ = {
			isa = PBXGroup;
			children = (
				53D2ACDF1D2373D1001BA2C2 /* NSString+SZYKit.h */,
				53D2ACE01D2373D1001BA2C2 /* NSString+SZYKit.m */,
				53D2ACE81D239E0D001BA2C2 /* materal_model.h */,
				53D2ACE91D239E0D001BA2C2 /* materal_model.m */,
			);
			name = Model;
			sourceTree = "<group>";
		};
		539313671D1BC8FF0035D874 /* Coltroller */ = {
			isa = PBXGroup;
			children = (
				539313641D1BC7D30035D874 /* loginViewController.h */,
				539313651D1BC7D30035D874 /* loginViewController.m */,
			);
			name = Coltroller;
			sourceTree = "<group>";
		};
		539313681D1BC9140035D874 /* View */ = {
			isa = PBXGroup;
			children = (
				5393136A1D1BC9760035D874 /* TextView.h */,
				5393136B1D1BC9760035D874 /* TextView.m */,
			);
			name = View;
			sourceTree = "<group>";
		};
		539313691D1BC91D0035D874 /* Model */ = {
			isa = PBXGroup;
			children = (
			);
			name = Model;
			sourceTree = "<group>";
		};
		5393136D1D1BCB720035D874 /* Controller */ = {
			isa = PBXGroup;
			children = (
				5393136E1D1BCB860035D874 /* registerViewController.h */,
				5393136F1D1BCB860035D874 /* registerViewController.m */,
			);
			name = Controller;
			sourceTree = "<group>";
		};
		539313711D1BE28A0035D874 /* View */ = {
			isa = PBXGroup;
			children = (
			);
			name = View;
			sourceTree = "<group>";
		};
		539313721D1BE2930035D874 /* Model */ = {
			isa = PBXGroup;
			children = (
			);
			name = Model;
			sourceTree = "<group>";
		};
		53B22C181D2617E900E8EBA5 /* MBProgressHUD */ = {
			isa = PBXGroup;
			children = (
				53B22C191D2617E900E8EBA5 /* MBProgressHUD+XMG.h */,
				53B22C1A1D2617E900E8EBA5 /* MBProgressHUD+XMG.m */,
				53B22C1B1D2617E900E8EBA5 /* MBProgressHUD.bundle */,
				53B22C1C1D2617E900E8EBA5 /* MBProgressHUD.h */,
				53B22C1D1D2617E900E8EBA5 /* MBProgressHUD.m */,
			);
			name = MBProgressHUD;
			path = OralEdu/MBProgressHUD;
			sourceTree = "<group>";
		};
		53B22C211D26182100E8EBA5 /* SMSSDK.2.0.0 */ = {
			isa = PBXGroup;
			children = (
				53B22C221D26182100E8EBA5 /* SMS_SDK */,
				53B22C281D26182100E8EBA5 /* SMS_SDKDemo */,
			);
			name = SMSSDK.2.0.0;
			path = OralEdu/SMSSDK.2.0.0;
			sourceTree = "<group>";
		};
		53B22C221D26182100E8EBA5 /* SMS_SDK */ = {
			isa = PBXGroup;
			children = (
				53B22C231D26182100E8EBA5 /* SMS_SDKLocalizable.strings */,
				53B22C251D26182100E8EBA5 /* MOBFoundation.framework */,
				53B22C261D26182100E8EBA5 /* SMS_SDK.framework */,
			);
			path = SMS_SDK;
			sourceTree = "<group>";
		};
		53B22C281D26182100E8EBA5 /* SMS_SDKDemo */ = {
			isa = PBXGroup;
			children = (
				53B22C291D26182100E8EBA5 /* SMS_UILib */,
				53B22C2A1D26182100E8EBA5 /* UI */,
			);
			path = SMS_SDKDemo;
			sourceTree = "<group>";
		};
		53B22C291D26182100E8EBA5 /* SMS_UILib */ = {
			isa = PBXGroup;
			children = (
			);
			path = SMS_UILib;
			sourceTree = "<group>";
		};
		53B22C2A1D26182100E8EBA5 /* UI */ = {
			isa = PBXGroup;
			children = (
				53B22C2B1D26182100E8EBA5 /* Register By Voice Call */,
				53B22C2C1D26182100E8EBA5 /* Rigister By SMS */,
			);
			path = UI;
			sourceTree = "<group>";
		};
		53B22C2B1D26182100E8EBA5 /* Register By Voice Call */ = {
			isa = PBXGroup;
			children = (
			);
			path = "Register By Voice Call";
			sourceTree = "<group>";
		};
		53B22C2C1D26182100E8EBA5 /* Rigister By SMS */ = {
			isa = PBXGroup;
			children = (
			);
			path = "Rigister By SMS";
			sourceTree = "<group>";
		};
		53B22C4C1D2663DF00E8EBA5 /* Personal signature */ = {
			isa = PBXGroup;
			children = (
				53B22C4F1D26640400E8EBA5 /* Controller */,
				53B22C4E1D2663F800E8EBA5 /* View */,
				53B22C4D1D2663F300E8EBA5 /* Model */,
			);
			name = "Personal signature";
			sourceTree = "<group>";
		};
		53B22C4D1D2663F300E8EBA5 /* Model */ = {
			isa = PBXGroup;
			children = (
			);
			name = Model;
			sourceTree = "<group>";
		};
		53B22C4E1D2663F800E8EBA5 /* View */ = {
			isa = PBXGroup;
			children = (
			);
			name = View;
			sourceTree = "<group>";
		};
		53B22C4F1D26640400E8EBA5 /* Controller */ = {
			isa = PBXGroup;
			children = (
				53B22C501D26645D00E8EBA5 /* PersonalsignatureViewController.h */,
				53B22C511D26645D00E8EBA5 /* PersonalsignatureViewController.m */,
			);
			name = Controller;
			sourceTree = "<group>";
		};
		53B9C8661D24FF56003C629B /* AFNetworking */ = {
			isa = PBXGroup;
			children = (
				53B9C8671D24FF56003C629B /* AFHTTPSessionManager.h */,
				53B9C8681D24FF56003C629B /* AFHTTPSessionManager.m */,
				53B9C8691D24FF56003C629B /* AFNetworking.h */,
				53B9C86A1D24FF56003C629B /* AFNetworkReachabilityManager.h */,
				53B9C86B1D24FF56003C629B /* AFNetworkReachabilityManager.m */,
				53B9C86C1D24FF56003C629B /* AFSecurityPolicy.h */,
				53B9C86D1D24FF56003C629B /* AFSecurityPolicy.m */,
				53B9C86E1D24FF56003C629B /* AFURLRequestSerialization.h */,
				53B9C86F1D24FF56003C629B /* AFURLRequestSerialization.m */,
				53B9C8701D24FF56003C629B /* AFURLResponseSerialization.h */,
				53B9C8711D24FF56003C629B /* AFURLResponseSerialization.m */,
				53B9C8721D24FF56003C629B /* AFURLSessionManager.h */,
				53B9C8731D24FF56003C629B /* AFURLSessionManager.m */,
			);
			name = AFNetworking;
			path = OralEdu/AFNetworking;
			sourceTree = "<group>";
		};
		53B9C87A1D24FFD7003C629B /* webService */ = {
			isa = PBXGroup;
			children = (
				53B9C87B1D2500E8003C629B /* APIClient.h */,
				53B9C87C1D2500E8003C629B /* APIClient.m */,
				53B9C87E1D250108003C629B /* HttpTool.h */,
				53B9C87F1D250108003C629B /* HttpTool.m */,
			);
			name = webService;
			sourceTree = "<group>";
		};
		53C2E1911D33728B0059EA9A /* Controller */ = {
			isa = PBXGroup;
			children = (
				53C2E1941D3372AB0059EA9A /* IndividualitysignatureViewController.h */,
				53C2E1951D3372AB0059EA9A /* IndividualitysignatureViewController.m */,
			);
			name = Controller;
			sourceTree = "<group>";
		};
		53C2E1921D3372920059EA9A /* View */ = {
			isa = PBXGroup;
			children = (
			);
			name = View;
			sourceTree = "<group>";
		};
		53C2E1931D3372950059EA9A /* Model */ = {
			isa = PBXGroup;
			children = (
			);
			name = Model;
			sourceTree = "<group>";
		};
		53C2E1971D3388120059EA9A /* feedback帮助反馈 */ = {
			isa = PBXGroup;
			children = (
				53C2E19A1D3388940059EA9A /* Model */,
				53C2E1991D3388900059EA9A /* View */,
				53C2E1981D3388890059EA9A /* Controllere */,
			);
			name = "feedback帮助反馈";
			sourceTree = "<group>";
		};
		53C2E1981D3388890059EA9A /* Controllere */ = {
			isa = PBXGroup;
			children = (
				53C2E19B1D33889D0059EA9A /* feedbackViewController.h */,
				53C2E19C1D33889D0059EA9A /* feedbackViewController.m */,
			);
			name = Controllere;
			sourceTree = "<group>";
		};
		53C2E1991D3388900059EA9A /* View */ = {
			isa = PBXGroup;
			children = (
			);
			name = View;
			sourceTree = "<group>";
		};
		53C2E19A1D3388940059EA9A /* Model */ = {
			isa = PBXGroup;
			children = (
			);
			name = Model;
			sourceTree = "<group>";
		};
		53D2ACCB1D235CC0001BA2C2 /* fmdb */ = {
			isa = PBXGroup;
			children = (
				53D2ACCC1D235CC0001BA2C2 /* FMDatabase.h */,
				53D2ACCD1D235CC0001BA2C2 /* FMDatabase.m */,
				53D2ACCE1D235CC0001BA2C2 /* FMDatabaseAdditions.h */,
				53D2ACCF1D235CC0001BA2C2 /* FMDatabaseAdditions.m */,
				53D2ACD01D235CC0001BA2C2 /* FMDatabasePool.h */,
				53D2ACD11D235CC0001BA2C2 /* FMDatabasePool.m */,
				53D2ACD21D235CC0001BA2C2 /* FMDatabaseQueue.h */,
				53D2ACD31D235CC0001BA2C2 /* FMDatabaseQueue.m */,
				53D2ACD41D235CC0001BA2C2 /* FMDB.h */,
				53D2ACD51D235CC0001BA2C2 /* FMResultSet.h */,
				53D2ACD61D235CC0001BA2C2 /* FMResultSet.m */,
			);
			name = fmdb;
			path = OralEdu/fmdb;
			sourceTree = "<group>";
		};
		53E5EA2E1D30F6A000FA06D8 /* Individuality signature个性签名 */ = {
			isa = PBXGroup;
			children = (
				53C2E1931D3372950059EA9A /* Model */,
				53C2E1921D3372920059EA9A /* View */,
				53C2E1911D33728B0059EA9A /* Controller */,
			);
			name = "Individuality signature个性签名";
			sourceTree = "<group>";
		};
		53E91A121D1B70E40091E85A = {
			isa = PBXGroup;
			children = (
				585615151D332D4D00B54508 /* UIImage+needkit.h */,
				585615161D332D4D00B54508 /* UIImage+needkit.m */,
				530F6E4D1D279FED00A3A2AE /* PrefixHeader.pch */,
				53E91A361D1B71090091E85A /* Other */,
				53E91A351D1B70FF0091E85A /* Framwork */,
				53E91A1D1D1B70E40091E85A /* OralEdu */,
				53E91A1E1D1B70E40091E85A /* Supporting Files */,
				53E91A1C1D1B70E40091E85A /* Products */,
			);
			sourceTree = "<group>";
		};
		53E91A1C1D1B70E40091E85A /* Products */ = {
			isa = PBXGroup;
			children = (
				53E91A1B1D1B70E40091E85A /* OralEdu.app */,
			);
			name = Products;
			sourceTree = "<group>";
		};
		53E91A1D1D1B70E40091E85A /* OralEdu */ = {
			isa = PBXGroup;
			children = (
				53C2E1971D3388120059EA9A /* feedback帮助反馈 */,
				53E5EA2E1D30F6A000FA06D8 /* Individuality signature个性签名 */,
				538C3CFD1D2FA65700AEBE47 /* mobilephone修改手机号 */,
				FECC94661D2611DF006F955A /* videoConnect */,
				53B22C4C1D2663DF00E8EBA5 /* Personal signature */,
				53B9C87A1D24FFD7003C629B /* webService */,
				538D2E991D1EBB0D00BB9588 /* specificmateral详细素材 */,
				538D2E731D1E522A00BB9588 /* name修改用户名 */,
				538D2E6C1D1E22B200BB9588 /* password修改密码 */,
				538D2E651D1E1F5300BB9588 /* address修改地址 */,
				538D2E551D1D5CC300BB9588 /* myinfomation我的个人信息 */,
				538D2E4E1D1D388D00BB9588 /* Aboutme 关于我们 */,
				53E91A591D1BC6B10091E85A /* 基类方法 */,
				538D2E441D1CDB4600BB9588 /* Infomation个人信息 */,
				530538EB1D1C0F58001736B3 /* Setting设置 */,
				530538E41D1C0DDA001736B3 /* materialView素材库 */,
				53E91A551D1BB9660091E85A /* Search搜索 */,
				53E91A451D1B734E0091E85A /* Left侧滑 */,
				53E91A391D1B72690091E85A /* 注册 */,
				53E91A381D1B72430091E85A /* Login登录 */,
				53E91A371D1B72390091E85A /* Home首页 */,
			);
			path = OralEdu;
			sourceTree = "<group>";
		};
		53E91A1E1D1B70E40091E85A /* Supporting Files */ = {
			isa = PBXGroup;
			children = (
				53E91A1F1D1B70E40091E85A /* main.m */,
			);
			name = "Supporting Files";
			path = OralEdu;
			sourceTree = "<group>";
		};
		53E91A351D1B70FF0091E85A /* Framwork */ = {
			isa = PBXGroup;
			children = (
				FECC94841D2CE448006F955A /* iflyMSC.framework */,
				FECC94721D264953006F955A /* CoreGraphics.framework */,
				FECC94701D264936006F955A /* MobileCoreServices.framework */,
				5379B5271D2939CA00D38D4C /* ZCYlocation */,
				530F6E451D268D5500A3A2AE /* SVPullToRefresh */,
				53B22C461D264FB300E8EBA5 /* MapKit.framework */,
				53B22C441D264FAE00E8EBA5 /* UIKit.framework */,
				53B22C421D264FA000E8EBA5 /* Foundation.framework */,
				53B22C401D264F9100E8EBA5 /* CoreGraphics.framework */,
				53B22C3E1D264F8700E8EBA5 /* CoreLocation.framework */,
				53B22C3C1D2618E900E8EBA5 /* AddressBookUI.framework */,
				53B22C3A1D2618E400E8EBA5 /* AddressBook.framework */,
				53B22C381D2618D900E8EBA5 /* libstdc++.tbd */,
				53B22C361D2618CA00E8EBA5 /* JavaScriptCore.framework */,
				53B22C341D2618C000E8EBA5 /* MessageUI.framework */,
				53B22C321D2618B500E8EBA5 /* libicucore.tbd */,
				53B22C301D2618A800E8EBA5 /* libz.tbd */,
				53B22C211D26182100E8EBA5 /* SMSSDK.2.0.0 */,
				53B22C181D2617E900E8EBA5 /* MBProgressHUD */,
				53B9C8661D24FF56003C629B /* AFNetworking */,
				53D2ACCB1D235CC0001BA2C2 /* fmdb */,
				53371D4E1D22D1540040F7A7 /* libsqlite3.0.tbd */,
				53371D491D226DFE0040F7A7 /* QuartzCore.framework */,
				53E91A411D1B72D50091E85A /* Classes */,
			);
			name = Framwork;
			sourceTree = "<group>";
		};
		53E91A361D1B71090091E85A /* Other */ = {
			isa = PBXGroup;
			children = (
				53E91A211D1B70E40091E85A /* AppDelegate.h */,
				53E91A221D1B70E40091E85A /* AppDelegate.m */,
				53E91A241D1B70E40091E85A /* ViewController.h */,
				53E91A251D1B70E40091E85A /* ViewController.m */,
				53E91A271D1B70E40091E85A /* Main.storyboard */,
				53E91A2C1D1B70E40091E85A /* LaunchScreen.storyboard */,
				53E91A2F1D1B70E40091E85A /* Info.plist */,
				53DC007C1D2B586700989E31 /* Assets.xcassets */,
			);
			name = Other;
			sourceTree = "<group>";
		};
		53E91A371D1B72390091E85A /* Home首页 */ = {
			isa = PBXGroup;
			children = (
				53E91A3C1D1B72860091E85A /* Model */,
				53E91A3B1D1B72820091E85A /* View */,
				53E91A3A1D1B72760091E85A /* Controller */,
			);
			name = "Home首页";
			sourceTree = "<group>";
		};
		53E91A381D1B72430091E85A /* Login登录 */ = {
			isa = PBXGroup;
			children = (
				539313691D1BC91D0035D874 /* Model */,
				539313681D1BC9140035D874 /* View */,
				539313671D1BC8FF0035D874 /* Coltroller */,
			);
			name = "Login登录";
			sourceTree = "<group>";
		};
		53E91A391D1B72690091E85A /* 注册 */ = {
			isa = PBXGroup;
			children = (
				539313721D1BE2930035D874 /* Model */,
				539313711D1BE28A0035D874 /* View */,
				5393136D1D1BCB720035D874 /* Controller */,
			);
			name = "注册";
			sourceTree = "<group>";
		};
		53E91A3A1D1B72760091E85A /* Controller */ = {
			isa = PBXGroup;
			children = (
				53E91A3E1D1B72A50091E85A /* homeViewController.h */,
				53E91A3F1D1B72A50091E85A /* homeViewController.m */,
			);
			name = Controller;
			sourceTree = "<group>";
		};
		53E91A3B1D1B72820091E85A /* View */ = {
			isa = PBXGroup;
			children = (
				534522D41D1BFD440055C0EE /* homeCell.h */,
				534522D51D1BFD440055C0EE /* homeCell.m */,
			);
			name = View;
			sourceTree = "<group>";
		};
		53E91A3C1D1B72860091E85A /* Model */ = {
			isa = PBXGroup;
			children = (
				534522D11D1BFCFB0055C0EE /* homeModel.h */,
				534522D21D1BFCFB0055C0EE /* homeModel.m */,
				530538DB1D1C02EB001736B3 /* titleModel.h */,
				530538DC1D1C02EB001736B3 /* titleModel.m */,
			);
			name = Model;
			sourceTree = "<group>";
		};
		53E91A411D1B72D50091E85A /* Classes */ = {
			isa = PBXGroup;
			children = (
				53E91A421D1B72D50091E85A /* ITRAirSideMenu.h */,
				53E91A431D1B72D50091E85A /* ITRAirSideMenu.m */,
			);
			name = Classes;
			path = OralEdu/Classes;
			sourceTree = "<group>";
		};
		53E91A451D1B734E0091E85A /* Left侧滑 */ = {
			isa = PBXGroup;
			children = (
				53E91A481D1B736A0091E85A /* Model */,
				53E91A4C1D1B7B980091E85A /* Controller */,
				53E91A471D1B73640091E85A /* View */,
			);
			name = "Left侧滑";
			sourceTree = "<group>";
		};
		53E91A471D1B73640091E85A /* View */ = {
			isa = PBXGroup;
			children = (
				530538DE1D1C096E001736B3 /* leftCell.h */,
				530538DF1D1C096E001736B3 /* leftCell.m */,
				538D2E3E1D1CC2D800BB9588 /* leftView.h */,
				538D2E3F1D1CC2D800BB9588 /* leftView.m */,
			);
			name = View;
			sourceTree = "<group>";
		};
		53E91A481D1B736A0091E85A /* Model */ = {
			isa = PBXGroup;
			children = (
				538D2E411D1CCC8F00BB9588 /* leftviewModel.h */,
				538D2E421D1CCC8F00BB9588 /* leftviewModel.m */,
			);
			name = Model;
			sourceTree = "<group>";
		};
		53E91A4C1D1B7B980091E85A /* Controller */ = {
			isa = PBXGroup;
			children = (
				53E91A491D1B73790091E85A /* leftViewController.h */,
				53E91A4A1D1B73790091E85A /* leftViewController.m */,
			);
			name = Controller;
			sourceTree = "<group>";
		};
		53E91A551D1BB9660091E85A /* Search搜索 */ = {
			isa = PBXGroup;
			children = (
				538D2E851D1E709200BB9588 /* Model */,
				538D2E841D1E708E00BB9588 /* View */,
				538D2E831D1E708600BB9588 /* Controller */,
			);
			name = "Search搜索";
			sourceTree = "<group>";
		};
		53E91A591D1BC6B10091E85A /* 基类方法 */ = {
			isa = PBXGroup;
			children = (
				5393135E1D1BC7000035D874 /* BaseViewController.h */,
				5393135F1D1BC7000035D874 /* BaseViewController.m */,
				539313601D1BC7000035D874 /* CustomnavView.h */,
				539313611D1BC7000035D874 /* CustomnavView.m */,
			);
			name = "基类方法";
			path = ..;
			sourceTree = "<group>";
		};
		FECC94661D2611DF006F955A /* videoConnect */ = {
			isa = PBXGroup;
			children = (
				FECC94691D26121B006F955A /* Controller */,
				FECC94681D261210006F955A /* View */,
				FECC94671D2611FE006F955A /* Model */,
			);
			name = videoConnect;
			sourceTree = "<group>";
		};
		FECC94671D2611FE006F955A /* Model */ = {
			isa = PBXGroup;
			children = (
			);
			name = Model;
			sourceTree = "<group>";
		};
		FECC94681D261210006F955A /* View */ = {
			isa = PBXGroup;
			children = (
				53269B4A1D3633FC000D9EBA /* ChatCell.h */,
				53269B4B1D3633FC000D9EBA /* ChatCell.m */,
				53269B4C1D3633FC000D9EBA /* SRChatFrameInfo.h */,
				53269B4D1D3633FC000D9EBA /* SRChatFrameInfo.m */,
				53269B4E1D3633FC000D9EBA /* SRChatModel.h */,
				53269B4F1D3633FC000D9EBA /* SRChatModel.m */,
				FECC946D1D2636F7006F955A /* PIDrawerView.h */,
				FECC946E1D2636F7006F955A /* PIDrawerView.m */,
				FECC94781D266937006F955A /* videoRightView.h */,
				FECC94791D266938006F955A /* videoRightView.m */,
				FECC947B1D2A5D57006F955A /* pickImageView.h */,
				FECC947C1D2A5D57006F955A /* pickImageView.m */,
				FECC947E1D2B8D97006F955A /* imageMenuView.h */,
				FECC947F1D2B8D97006F955A /* imageMenuView.m */,
				53D402A31D34830A00B91958 /* setview.h */,
				53D402A41D34830A00B91958 /* setview.m */,
			);
			name = View;
			sourceTree = "<group>";
		};
		FECC94691D26121B006F955A /* Controller */ = {
			isa = PBXGroup;
			children = (
				FECC946A1D26125D006F955A /* faceVideoViewController.h */,
				FECC946B1D26125D006F955A /* faceVideoViewController.m */,
				FECC94B61D2CF71E006F955A /* voiceViewController.h */,
				FECC94B71D2CF71E006F955A /* voiceViewController.m */,
			);
			name = Controller;
			sourceTree = "<group>";
		};
/* End PBXGroup section */

/* Begin PBXNativeTarget section */
		53E91A1A1D1B70E40091E85A /* OralEdu */ = {
			isa = PBXNativeTarget;
			buildConfigurationList = 53E91A321D1B70E40091E85A /* Build configuration list for PBXNativeTarget "OralEdu" */;
			buildPhases = (
				53E91A171D1B70E40091E85A /* Sources */,
				53E91A181D1B70E40091E85A /* Frameworks */,
				53E91A191D1B70E40091E85A /* Resources */,
			);
			buildRules = (
			);
			dependencies = (
			);
			name = OralEdu;
			productName = OralEdu;
			productReference = 53E91A1B1D1B70E40091E85A /* OralEdu.app */;
			productType = "com.apple.product-type.application";
		};
/* End PBXNativeTarget section */

/* Begin PBXProject section */
		53E91A131D1B70E40091E85A /* Project object */ = {
			isa = PBXProject;
			attributes = {
				LastUpgradeCheck = 0730;
				ORGANIZATIONNAME = wangjungang;
				TargetAttributes = {
					53E91A1A1D1B70E40091E85A = {
						CreatedOnToolsVersion = 7.3.1;
						DevelopmentTeam = 3637W6NRU9;
					};
				};
			};
			buildConfigurationList = 53E91A161D1B70E40091E85A /* Build configuration list for PBXProject "OralEdu" */;
			compatibilityVersion = "Xcode 3.2";
			developmentRegion = English;
			hasScannedForEncodings = 0;
			knownRegions = (
				en,
				Base,
				"zh-Hans",
			);
			mainGroup = 53E91A121D1B70E40091E85A;
			productRefGroup = 53E91A1C1D1B70E40091E85A /* Products */;
			projectDirPath = "";
			projectRoot = "";
			targets = (
				53E91A1A1D1B70E40091E85A /* OralEdu */,
			);
		};
/* End PBXProject section */

/* Begin PBXResourcesBuildPhase section */
		53E91A191D1B70E40091E85A /* Resources */ = {
			isa = PBXResourcesBuildPhase;
			buildActionMask = 2147483647;
			files = (
				53E91A2E1D1B70E40091E85A /* LaunchScreen.storyboard in Resources */,
				53B22C1F1D2617E900E8EBA5 /* MBProgressHUD.bundle in Resources */,
				53B22C2D1D26182100E8EBA5 /* SMS_SDKLocalizable.strings in Resources */,
				53E91A291D1B70E40091E85A /* Main.storyboard in Resources */,
				53DC007D1D2B586700989E31 /* Assets.xcassets in Resources */,
			);
			runOnlyForDeploymentPostprocessing = 0;
		};
/* End PBXResourcesBuildPhase section */

/* Begin PBXSourcesBuildPhase section */
		53E91A171D1B70E40091E85A /* Sources */ = {
			isa = PBXSourcesBuildPhase;
			buildActionMask = 2147483647;
			files = (
				538D2E7F1D1E5F0000BB9588 /* infoCell2.m in Sources */,
				585615171D332D4D00B54508 /* UIImage+needkit.m in Sources */,
				530F6E771D27DAD900A3A2AE /* setCell1.m in Sources */,
				530538E01D1C096E001736B3 /* leftCell.m in Sources */,
				53E91A261D1B70E40091E85A /* ViewController.m in Sources */,
				53269B501D3633FC000D9EBA /* ChatCell.m in Sources */,
				538C3D031D2FA68A00AEBE47 /* mobilephoneViewController.m in Sources */,
				53D2ACE11D2373D1001BA2C2 /* NSString+SZYKit.m in Sources */,
				53D2ACD71D235CC0001BA2C2 /* FMDatabase.m in Sources */,
				539313621D1BC7000035D874 /* BaseViewController.m in Sources */,
				530F6E4B1D268D5500A3A2AE /* UIScrollView+SVInfiniteScrolling.m in Sources */,
				538D2E7C1D1E5EF100BB9588 /* infoCell1.m in Sources */,
				FECC94801D2B8D97006F955A /* imageMenuView.m in Sources */,
				53B22C201D2617E900E8EBA5 /* MBProgressHUD.m in Sources */,
				538D2E611D1D69D300BB9588 /* infoTableViewCell2.m in Sources */,
				53E91A441D1B72D50091E85A /* ITRAirSideMenu.m in Sources */,
				530538DD1D1C02EB001736B3 /* titleModel.m in Sources */,
				53B9C8771D24FF56003C629B /* AFURLRequestSerialization.m in Sources */,
				53B9C8801D250108003C629B /* HttpTool.m in Sources */,
				53D2ACF31D23A02E001BA2C2 /* Datebase_materallist.m in Sources */,
				53371D4D1D22BD800040F7A7 /* imageTableViewCell.m in Sources */,
				539313701D1BCB860035D874 /* registerViewController.m in Sources */,
				538D2E5B1D1D5CFC00BB9588 /* myinfoViewController.m in Sources */,
				53B9C87D1D2500E8003C629B /* APIClient.m in Sources */,
				5828C3C71D34E6130075942B /* searchcell.m in Sources */,
				5379B5261D29318D00D38D4C /* infoCell3.m in Sources */,
				53B9C8791D24FF56003C629B /* AFURLSessionManager.m in Sources */,
				53D402A51D34830A00B91958 /* setview.m in Sources */,
				538D2E881D1E71DF00BB9588 /* hisModel.m in Sources */,
				538D2E821D1E666800BB9588 /* infoModel.m in Sources */,
				53B22C521D26645D00E8EBA5 /* PersonalsignatureViewController.m in Sources */,
				53D2ACE41D239187001BA2C2 /* materal_finder.m in Sources */,
				539313631D1BC7000035D874 /* CustomnavView.m in Sources */,
				53D2ACD91D235CC0001BA2C2 /* FMDatabasePool.m in Sources */,
				53D2ACEA1D239E0D001BA2C2 /* materal_model.m in Sources */,
				538D2E981D1EB3B600BB9588 /* materalCell.m in Sources */,
				534522D31D1BFCFB0055C0EE /* homeModel.m in Sources */,
				FECC946C1D26125D006F955A /* faceVideoViewController.m in Sources */,
				538D2E4A1D1CDB7200BB9588 /* infomationViewController.m in Sources */,
				538D2E541D1D509600BB9588 /* setModel.m in Sources */,
				53E91A231D1B70E40091E85A /* AppDelegate.m in Sources */,
				538D2E921D1E899300BB9588 /* materViewController.m in Sources */,
				538D2E401D1CC2D800BB9588 /* leftView.m in Sources */,
				530F6E7A1D27DAE600A3A2AE /* setCell2.m in Sources */,
				538D2E951D1EAC6000BB9588 /* hisView.m in Sources */,
				53B9C8751D24FF56003C629B /* AFNetworkReachabilityManager.m in Sources */,
				5379B52A1D2939CA00D38D4C /* ZCYlocation.m in Sources */,
				53E91A4B1D1B73790091E85A /* leftViewController.m in Sources */,
				53464A7B1D20072F00F9631B /* DWBubbleMenuButton.m in Sources */,
				53D2ACDB1D235CC0001BA2C2 /* FMResultSet.m in Sources */,
				FECC94B81D2CF71E006F955A /* voiceViewController.m in Sources */,
				FECC946F1D2636F7006F955A /* PIDrawerView.m in Sources */,
				538D2E431D1CCC8F00BB9588 /* leftviewModel.m in Sources */,
				538D2E9F1D1EBB6A00BB9588 /* speaificViewController.m in Sources */,
				538D2E641D1E12E300BB9588 /* picModel.m in Sources */,
				535FE8DF1D254070004C6100 /* imageCollectionViewCell.m in Sources */,
				538D2E5E1D1D648D00BB9588 /* infoTableViewCell1.m in Sources */,
				53269B511D3633FC000D9EBA /* SRChatFrameInfo.m in Sources */,
				53D2ACD81D235CC0001BA2C2 /* FMDatabaseAdditions.m in Sources */,
				53B9C8741D24FF56003C629B /* AFHTTPSessionManager.m in Sources */,
				534522D61D1BFD440055C0EE /* homeCell.m in Sources */,
				53C2E1961D3372AB0059EA9A /* IndividualitysignatureViewController.m in Sources */,
				538D2E721D1E22E100BB9588 /* passwordViewController.m in Sources */,
				538D2E791D1E526400BB9588 /* nameViewController.m in Sources */,
				539313661D1BC7D30035D874 /* loginViewController.m in Sources */,
				53C2E19D1D33889D0059EA9A /* feedbackViewController.m in Sources */,
				538D2E6B1D1E1F7F00BB9588 /* addressViewController.m in Sources */,
				53D2ACDA1D235CC0001BA2C2 /* FMDatabaseQueue.m in Sources */,
				53B9C8781D24FF56003C629B /* AFURLResponseSerialization.m in Sources */,
				53E91A581D1BB9860091E85A /* SearchViewController.m in Sources */,
				53E91A201D1B70E40091E85A /* main.m in Sources */,
				53E91A401D1B72A50091E85A /* homeViewController.m in Sources */,
				FECC947A1D266938006F955A /* videoRightView.m in Sources */,
				FECC947D1D2A5D57006F955A /* pickImageView.m in Sources */,
				53269B521D3633FC000D9EBA /* SRChatModel.m in Sources */,
				53B9C8761D24FF56003C629B /* AFSecurityPolicy.m in Sources */,
				538D2E511D1D38B400BB9588 /* aboutViewController.m in Sources */,
				530F6E4C1D268D5500A3A2AE /* UIScrollView+SVPullToRefresh.m in Sources */,
				5393136C1D1BC9760035D874 /* TextView.m in Sources */,
				53B22C1E1D2617E900E8EBA5 /* MBProgressHUD+XMG.m in Sources */,
				53E5EA2D1D30896100FA06D8 /* setCell3.m in Sources */,
				530538F11D1C0F7B001736B3 /* setViewController.m in Sources */,
			);
			runOnlyForDeploymentPostprocessing = 0;
		};
/* End PBXSourcesBuildPhase section */

/* Begin PBXVariantGroup section */
		53B22C231D26182100E8EBA5 /* SMS_SDKLocalizable.strings */ = {
			isa = PBXVariantGroup;
			children = (
				53B22C241D26182100E8EBA5 /* en */,
				53B22C271D26182100E8EBA5 /* zh-Hans */,
			);
			name = SMS_SDKLocalizable.strings;
			sourceTree = "<group>";
		};
		53E91A271D1B70E40091E85A /* Main.storyboard */ = {
			isa = PBXVariantGroup;
			children = (
				53E91A281D1B70E40091E85A /* Base */,
			);
			name = Main.storyboard;
			path = OralEdu;
			sourceTree = "<group>";
		};
		53E91A2C1D1B70E40091E85A /* LaunchScreen.storyboard */ = {
			isa = PBXVariantGroup;
			children = (
				53E91A2D1D1B70E40091E85A /* Base */,
			);
			name = LaunchScreen.storyboard;
			path = OralEdu;
			sourceTree = "<group>";
		};
/* End PBXVariantGroup section */

/* Begin XCBuildConfiguration section */
		53E91A301D1B70E40091E85A /* Debug */ = {
			isa = XCBuildConfiguration;
			buildSettings = {
				ALWAYS_SEARCH_USER_PATHS = NO;
				CLANG_ANALYZER_NONNULL = YES;
				CLANG_CXX_LANGUAGE_STANDARD = "gnu++0x";
				CLANG_CXX_LIBRARY = "libc++";
				CLANG_ENABLE_MODULES = YES;
				CLANG_ENABLE_OBJC_ARC = YES;
				CLANG_WARN_BOOL_CONVERSION = YES;
				CLANG_WARN_CONSTANT_CONVERSION = YES;
				CLANG_WARN_DIRECT_OBJC_ISA_USAGE = YES_ERROR;
				CLANG_WARN_EMPTY_BODY = YES;
				CLANG_WARN_ENUM_CONVERSION = YES;
				CLANG_WARN_INT_CONVERSION = YES;
				CLANG_WARN_OBJC_ROOT_CLASS = YES_ERROR;
				CLANG_WARN_UNREACHABLE_CODE = YES;
				CLANG_WARN__DUPLICATE_METHOD_MATCH = YES;
				"CODE_SIGN_IDENTITY[sdk=iphoneos*]" = "iPhone Developer";
				COPY_PHASE_STRIP = NO;
				DEBUG_INFORMATION_FORMAT = dwarf;
				ENABLE_STRICT_OBJC_MSGSEND = YES;
				ENABLE_TESTABILITY = YES;
				GCC_C_LANGUAGE_STANDARD = gnu99;
				GCC_DYNAMIC_NO_PIC = NO;
				GCC_NO_COMMON_BLOCKS = YES;
				GCC_OPTIMIZATION_LEVEL = 0;
				GCC_PREPROCESSOR_DEFINITIONS = (
					"DEBUG=1",
					"$(inherited)",
				);
				GCC_WARN_64_TO_32_BIT_CONVERSION = YES;
				GCC_WARN_ABOUT_RETURN_TYPE = YES_ERROR;
				GCC_WARN_UNDECLARED_SELECTOR = YES;
				GCC_WARN_UNINITIALIZED_AUTOS = YES_AGGRESSIVE;
				GCC_WARN_UNUSED_FUNCTION = YES;
				GCC_WARN_UNUSED_VARIABLE = YES;
				IPHONEOS_DEPLOYMENT_TARGET = 9.3;
				MTL_ENABLE_DEBUG_INFO = YES;
				ONLY_ACTIVE_ARCH = YES;
				SDKROOT = iphoneos;
				TARGETED_DEVICE_FAMILY = "1,2";
			};
			name = Debug;
		};
		53E91A311D1B70E40091E85A /* Release */ = {
			isa = XCBuildConfiguration;
			buildSettings = {
				ALWAYS_SEARCH_USER_PATHS = NO;
				CLANG_ANALYZER_NONNULL = YES;
				CLANG_CXX_LANGUAGE_STANDARD = "gnu++0x";
				CLANG_CXX_LIBRARY = "libc++";
				CLANG_ENABLE_MODULES = YES;
				CLANG_ENABLE_OBJC_ARC = YES;
				CLANG_WARN_BOOL_CONVERSION = YES;
				CLANG_WARN_CONSTANT_CONVERSION = YES;
				CLANG_WARN_DIRECT_OBJC_ISA_USAGE = YES_ERROR;
				CLANG_WARN_EMPTY_BODY = YES;
				CLANG_WARN_ENUM_CONVERSION = YES;
				CLANG_WARN_INT_CONVERSION = YES;
				CLANG_WARN_OBJC_ROOT_CLASS = YES_ERROR;
				CLANG_WARN_UNREACHABLE_CODE = YES;
				CLANG_WARN__DUPLICATE_METHOD_MATCH = YES;
				"CODE_SIGN_IDENTITY[sdk=iphoneos*]" = "iPhone Developer";
				COPY_PHASE_STRIP = NO;
				DEBUG_INFORMATION_FORMAT = "dwarf-with-dsym";
				ENABLE_NS_ASSERTIONS = NO;
				ENABLE_STRICT_OBJC_MSGSEND = YES;
				GCC_C_LANGUAGE_STANDARD = gnu99;
				GCC_NO_COMMON_BLOCKS = YES;
				GCC_WARN_64_TO_32_BIT_CONVERSION = YES;
				GCC_WARN_ABOUT_RETURN_TYPE = YES_ERROR;
				GCC_WARN_UNDECLARED_SELECTOR = YES;
				GCC_WARN_UNINITIALIZED_AUTOS = YES_AGGRESSIVE;
				GCC_WARN_UNUSED_FUNCTION = YES;
				GCC_WARN_UNUSED_VARIABLE = YES;
				IPHONEOS_DEPLOYMENT_TARGET = 9.3;
				MTL_ENABLE_DEBUG_INFO = NO;
				SDKROOT = iphoneos;
				TARGETED_DEVICE_FAMILY = "1,2";
				VALIDATE_PRODUCT = YES;
			};
			name = Release;
		};
		53E91A331D1B70E40091E85A /* Debug */ = {
			isa = XCBuildConfiguration;
			buildSettings = {
				ASSETCATALOG_COMPILER_APPICON_NAME = AppIcon;
				CODE_SIGN_IDENTITY = "iPhone Developer";
				"CODE_SIGN_IDENTITY[sdk=iphoneos*]" = "iPhone Developer";
				ENABLE_BITCODE = NO;
				FRAMEWORK_SEARCH_PATHS = (
					"$(inherited)",
					"$(PROJECT_DIR)/OralEdu/SMSSDK.2.0.0/SMS_SDK",
					"$(PROJECT_DIR)",
				);
				GCC_PREFIX_HEADER = OralEdu/PrefixHeader.pch;
				INFOPLIST_FILE = OralEdu/Info.plist;
				LD_RUNPATH_SEARCH_PATHS = "$(inherited) @executable_path/Frameworks";
				OTHER_LDFLAGS = "-all_load";
				PRODUCT_BUNDLE_IDENTIFIER = com.wangjungang.OralEdu;
				PRODUCT_NAME = "$(TARGET_NAME)";
				PROVISIONING_PROFILE = "";
			};
			name = Debug;
		};
		53E91A341D1B70E40091E85A /* Release */ = {
			isa = XCBuildConfiguration;
			buildSettings = {
				ASSETCATALOG_COMPILER_APPICON_NAME = AppIcon;
				CODE_SIGN_IDENTITY = "iPhone Developer";
				"CODE_SIGN_IDENTITY[sdk=iphoneos*]" = "iPhone Developer";
				ENABLE_BITCODE = NO;
				FRAMEWORK_SEARCH_PATHS = (
					"$(inherited)",
					"$(PROJECT_DIR)/OralEdu/SMSSDK.2.0.0/SMS_SDK",
					"$(PROJECT_DIR)",
				);
				GCC_PREFIX_HEADER = OralEdu/PrefixHeader.pch;
				INFOPLIST_FILE = OralEdu/Info.plist;
				LD_RUNPATH_SEARCH_PATHS = "$(inherited) @executable_path/Frameworks";
				OTHER_LDFLAGS = "-all_load";
				PRODUCT_BUNDLE_IDENTIFIER = com.wangjungang.OralEdu;
				PRODUCT_NAME = "$(TARGET_NAME)";
				PROVISIONING_PROFILE = "";
			};
			name = Release;
		};
/* End XCBuildConfiguration section */

/* Begin XCConfigurationList section */
		53E91A161D1B70E40091E85A /* Build configuration list for PBXProject "OralEdu" */ = {
			isa = XCConfigurationList;
			buildConfigurations = (
				53E91A301D1B70E40091E85A /* Debug */,
				53E91A311D1B70E40091E85A /* Release */,
			);
			defaultConfigurationIsVisible = 0;
			defaultConfigurationName = Release;
		};
		53E91A321D1B70E40091E85A /* Build configuration list for PBXNativeTarget "OralEdu" */ = {
			isa = XCConfigurationList;
			buildConfigurations = (
				53E91A331D1B70E40091E85A /* Debug */,
				53E91A341D1B70E40091E85A /* Release */,
			);
			defaultConfigurationIsVisible = 0;
			defaultConfigurationName = Release;
		};
/* End XCConfigurationList section */
	};
	rootObject = 53E91A131D1B70E40091E85A /* Project object */;
}
