// !$*UTF8*$!
{
	archiveVersion = 1;
	classes = {
	};
	objectVersion = 46;
	objects = {

/* Begin PBXBuildFile section */
		530538DD1D1C02EB001736B3 /* titleModel.m in Sources */ = {isa = PBXBuildFile; fileRef = 530538DC1D1C02EB001736B3 /* titleModel.m */; };
		530538E01D1C096E001736B3 /* leftCell.m in Sources */ = {isa = PBXBuildFile; fileRef = 530538DF1D1C096E001736B3 /* leftCell.m */; };
		530538F11D1C0F7B001736B3 /* setViewController.m in Sources */ = {isa = PBXBuildFile; fileRef = 530538F01D1C0F7B001736B3 /* setViewController.m */; };
		534522D31D1BFCFB0055C0EE /* homeModel.m in Sources */ = {isa = PBXBuildFile; fileRef = 534522D21D1BFCFB0055C0EE /* homeModel.m */; };
		534522D61D1BFD440055C0EE /* homeCell.m in Sources */ = {isa = PBXBuildFile; fileRef = 534522D51D1BFD440055C0EE /* homeCell.m */; };
		53464A7B1D20072F00F9631B /* DWBubbleMenuButton.m in Sources */ = {isa = PBXBuildFile; fileRef = 53464A7A1D20072F00F9631B /* DWBubbleMenuButton.m */; };
		53464A831D200AFE00F9631B /* CocoaGroup.m in Sources */ = {isa = PBXBuildFile; fileRef = 53464A7E1D200AFE00F9631B /* CocoaGroup.m */; };
		53464A841D200AFE00F9631B /* CocoaHederView.m in Sources */ = {isa = PBXBuildFile; fileRef = 53464A801D200AFE00F9631B /* CocoaHederView.m */; };
		53464A851D200AFE00F9631B /* CocoaPickerViewController.m in Sources */ = {isa = PBXBuildFile; fileRef = 53464A821D200AFE00F9631B /* CocoaPickerViewController.m */; };
		538D2E401D1CC2D800BB9588 /* leftView.m in Sources */ = {isa = PBXBuildFile; fileRef = 538D2E3F1D1CC2D800BB9588 /* leftView.m */; };
		538D2E431D1CCC8F00BB9588 /* leftviewModel.m in Sources */ = {isa = PBXBuildFile; fileRef = 538D2E421D1CCC8F00BB9588 /* leftviewModel.m */; };
		538D2E4A1D1CDB7200BB9588 /* infomationViewController.m in Sources */ = {isa = PBXBuildFile; fileRef = 538D2E491D1CDB7200BB9588 /* infomationViewController.m */; };
		538D2E4D1D1D29F800BB9588 /* setView.m in Sources */ = {isa = PBXBuildFile; fileRef = 538D2E4C1D1D29F800BB9588 /* setView.m */; };
		538D2E511D1D38B400BB9588 /* aboutViewController.m in Sources */ = {isa = PBXBuildFile; fileRef = 538D2E501D1D38B400BB9588 /* aboutViewController.m */; };
		538D2E541D1D509600BB9588 /* setModel.m in Sources */ = {isa = PBXBuildFile; fileRef = 538D2E531D1D509600BB9588 /* setModel.m */; };
		538D2E5B1D1D5CFC00BB9588 /* myinfoViewController.m in Sources */ = {isa = PBXBuildFile; fileRef = 538D2E5A1D1D5CFC00BB9588 /* myinfoViewController.m */; };
		538D2E5E1D1D648D00BB9588 /* infoTableViewCell1.m in Sources */ = {isa = PBXBuildFile; fileRef = 538D2E5D1D1D648D00BB9588 /* infoTableViewCell1.m */; };
		538D2E611D1D69D300BB9588 /* infoTableViewCell2.m in Sources */ = {isa = PBXBuildFile; fileRef = 538D2E601D1D69D300BB9588 /* infoTableViewCell2.m */; };
		538D2E641D1E12E300BB9588 /* picModel.m in Sources */ = {isa = PBXBuildFile; fileRef = 538D2E631D1E12E300BB9588 /* picModel.m */; };
		538D2E6B1D1E1F7F00BB9588 /* addressViewController.m in Sources */ = {isa = PBXBuildFile; fileRef = 538D2E6A1D1E1F7F00BB9588 /* addressViewController.m */; };
		538D2E721D1E22E100BB9588 /* passwordViewController.m in Sources */ = {isa = PBXBuildFile; fileRef = 538D2E711D1E22E100BB9588 /* passwordViewController.m */; };
		538D2E791D1E526400BB9588 /* nameViewController.m in Sources */ = {isa = PBXBuildFile; fileRef = 538D2E781D1E526400BB9588 /* nameViewController.m */; };
		538D2E7C1D1E5EF100BB9588 /* infoCell1.m in Sources */ = {isa = PBXBuildFile; fileRef = 538D2E7B1D1E5EF100BB9588 /* infoCell1.m */; };
		538D2E7F1D1E5F0000BB9588 /* infoCell2.m in Sources */ = {isa = PBXBuildFile; fileRef = 538D2E7E1D1E5F0000BB9588 /* infoCell2.m */; };
		538D2E821D1E666800BB9588 /* infoModel.m in Sources */ = {isa = PBXBuildFile; fileRef = 538D2E811D1E666800BB9588 /* infoModel.m */; };
		538D2E881D1E71DF00BB9588 /* hisModel.m in Sources */ = {isa = PBXBuildFile; fileRef = 538D2E871D1E71DF00BB9588 /* hisModel.m */; };
		538D2E921D1E899300BB9588 /* materViewController.m in Sources */ = {isa = PBXBuildFile; fileRef = 538D2E911D1E899300BB9588 /* materViewController.m */; };
		538D2E951D1EAC6000BB9588 /* hisView.m in Sources */ = {isa = PBXBuildFile; fileRef = 538D2E941D1EAC6000BB9588 /* hisView.m */; };
		538D2E981D1EB3B600BB9588 /* materalCell.m in Sources */ = {isa = PBXBuildFile; fileRef = 538D2E971D1EB3B600BB9588 /* materalCell.m */; };
		538D2E9F1D1EBB6A00BB9588 /* speaificViewController.m in Sources */ = {isa = PBXBuildFile; fileRef = 538D2E9E1D1EBB6A00BB9588 /* speaificViewController.m */; };
		539313621D1BC7000035D874 /* BaseViewController.m in Sources */ = {isa = PBXBuildFile; fileRef = 5393135F1D1BC7000035D874 /* BaseViewController.m */; };
		539313631D1BC7000035D874 /* CustomnavView.m in Sources */ = {isa = PBXBuildFile; fileRef = 539313611D1BC7000035D874 /* CustomnavView.m */; };
		539313661D1BC7D30035D874 /* loginViewController.m in Sources */ = {isa = PBXBuildFile; fileRef = 539313651D1BC7D30035D874 /* loginViewController.m */; };
		5393136C1D1BC9760035D874 /* TextView.m in Sources */ = {isa = PBXBuildFile; fileRef = 5393136B1D1BC9760035D874 /* TextView.m */; };
		539313701D1BCB860035D874 /* registerViewController.m in Sources */ = {isa = PBXBuildFile; fileRef = 5393136F1D1BCB860035D874 /* registerViewController.m */; };
		53E91A201D1B70E40091E85A /* main.m in Sources */ = {isa = PBXBuildFile; fileRef = 53E91A1F1D1B70E40091E85A /* main.m */; };
		53E91A231D1B70E40091E85A /* AppDelegate.m in Sources */ = {isa = PBXBuildFile; fileRef = 53E91A221D1B70E40091E85A /* AppDelegate.m */; };
		53E91A261D1B70E40091E85A /* ViewController.m in Sources */ = {isa = PBXBuildFile; fileRef = 53E91A251D1B70E40091E85A /* ViewController.m */; };
		53E91A291D1B70E40091E85A /* Main.storyboard in Resources */ = {isa = PBXBuildFile; fileRef = 53E91A271D1B70E40091E85A /* Main.storyboard */; };
		53E91A2B1D1B70E40091E85A /* Assets.xcassets in Resources */ = {isa = PBXBuildFile; fileRef = 53E91A2A1D1B70E40091E85A /* Assets.xcassets */; };
		53E91A2E1D1B70E40091E85A /* LaunchScreen.storyboard in Resources */ = {isa = PBXBuildFile; fileRef = 53E91A2C1D1B70E40091E85A /* LaunchScreen.storyboard */; };
		53E91A401D1B72A50091E85A /* homeViewController.m in Sources */ = {isa = PBXBuildFile; fileRef = 53E91A3F1D1B72A50091E85A /* homeViewController.m */; };
		53E91A441D1B72D50091E85A /* ITRAirSideMenu.m in Sources */ = {isa = PBXBuildFile; fileRef = 53E91A431D1B72D50091E85A /* ITRAirSideMenu.m */; };
		53E91A4B1D1B73790091E85A /* leftViewController.m in Sources */ = {isa = PBXBuildFile; fileRef = 53E91A4A1D1B73790091E85A /* leftViewController.m */; };
		53E91A581D1BB9860091E85A /* SearchViewController.m in Sources */ = {isa = PBXBuildFile; fileRef = 53E91A571D1BB9860091E85A /* SearchViewController.m */; };
/* End PBXBuildFile section */

/* Begin PBXFileReference section */
		530538DB1D1C02EB001736B3 /* titleModel.h */ = {isa = PBXFileReference; fileEncoding = 4; lastKnownFileType = sourcecode.c.h; path = titleModel.h; sourceTree = "<group>"; };
		530538DC1D1C02EB001736B3 /* titleModel.m */ = {isa = PBXFileReference; fileEncoding = 4; lastKnownFileType = sourcecode.c.objc; path = titleModel.m; sourceTree = "<group>"; };
		530538DE1D1C096E001736B3 /* leftCell.h */ = {isa = PBXFileReference; fileEncoding = 4; lastKnownFileType = sourcecode.c.h; path = leftCell.h; sourceTree = "<group>"; };
		530538DF1D1C096E001736B3 /* leftCell.m */ = {isa = PBXFileReference; fileEncoding = 4; lastKnownFileType = sourcecode.c.objc; path = leftCell.m; sourceTree = "<group>"; };
		530538EF1D1C0F7B001736B3 /* setViewController.h */ = {isa = PBXFileReference; fileEncoding = 4; lastKnownFileType = sourcecode.c.h; path = setViewController.h; sourceTree = "<group>"; };
		530538F01D1C0F7B001736B3 /* setViewController.m */ = {isa = PBXFileReference; fileEncoding = 4; lastKnownFileType = sourcecode.c.objc; path = setViewController.m; sourceTree = "<group>"; };
		534522D11D1BFCFB0055C0EE /* homeModel.h */ = {isa = PBXFileReference; fileEncoding = 4; lastKnownFileType = sourcecode.c.h; path = homeModel.h; sourceTree = "<group>"; };
		534522D21D1BFCFB0055C0EE /* homeModel.m */ = {isa = PBXFileReference; fileEncoding = 4; lastKnownFileType = sourcecode.c.objc; path = homeModel.m; sourceTree = "<group>"; };
		534522D41D1BFD440055C0EE /* homeCell.h */ = {isa = PBXFileReference; fileEncoding = 4; lastKnownFileType = sourcecode.c.h; path = homeCell.h; sourceTree = "<group>"; };
		534522D51D1BFD440055C0EE /* homeCell.m */ = {isa = PBXFileReference; fileEncoding = 4; lastKnownFileType = sourcecode.c.objc; path = homeCell.m; sourceTree = "<group>"; };
		53464A791D20072F00F9631B /* DWBubbleMenuButton.h */ = {isa = PBXFileReference; fileEncoding = 4; lastKnownFileType = sourcecode.c.h; path = DWBubbleMenuButton.h; sourceTree = "<group>"; };
		53464A7A1D20072F00F9631B /* DWBubbleMenuButton.m */ = {isa = PBXFileReference; fileEncoding = 4; lastKnownFileType = sourcecode.c.objc; path = DWBubbleMenuButton.m; sourceTree = "<group>"; };
		53464A7D1D200AFE00F9631B /* CocoaGroup.h */ = {isa = PBXFileReference; fileEncoding = 4; lastKnownFileType = sourcecode.c.h; path = CocoaGroup.h; sourceTree = "<group>"; };
		53464A7E1D200AFE00F9631B /* CocoaGroup.m */ = {isa = PBXFileReference; fileEncoding = 4; lastKnownFileType = sourcecode.c.objc; path = CocoaGroup.m; sourceTree = "<group>"; };
		53464A7F1D200AFE00F9631B /* CocoaHederView.h */ = {isa = PBXFileReference; fileEncoding = 4; lastKnownFileType = sourcecode.c.h; path = CocoaHederView.h; sourceTree = "<group>"; };
		53464A801D200AFE00F9631B /* CocoaHederView.m */ = {isa = PBXFileReference; fileEncoding = 4; lastKnownFileType = sourcecode.c.objc; path = CocoaHederView.m; sourceTree = "<group>"; };
		53464A811D200AFE00F9631B /* CocoaPickerViewController.h */ = {isa = PBXFileReference; fileEncoding = 4; lastKnownFileType = sourcecode.c.h; path = CocoaPickerViewController.h; sourceTree = "<group>"; };
		53464A821D200AFE00F9631B /* CocoaPickerViewController.m */ = {isa = PBXFileReference; fileEncoding = 4; lastKnownFileType = sourcecode.c.objc; path = CocoaPickerViewController.m; sourceTree = "<group>"; };
		538D2E3E1D1CC2D800BB9588 /* leftView.h */ = {isa = PBXFileReference; fileEncoding = 4; lastKnownFileType = sourcecode.c.h; path = leftView.h; sourceTree = "<group>"; };
		538D2E3F1D1CC2D800BB9588 /* leftView.m */ = {isa = PBXFileReference; fileEncoding = 4; lastKnownFileType = sourcecode.c.objc; path = leftView.m; sourceTree = "<group>"; };
		538D2E411D1CCC8F00BB9588 /* leftviewModel.h */ = {isa = PBXFileReference; fileEncoding = 4; lastKnownFileType = sourcecode.c.h; path = leftviewModel.h; sourceTree = "<group>"; };
		538D2E421D1CCC8F00BB9588 /* leftviewModel.m */ = {isa = PBXFileReference; fileEncoding = 4; lastKnownFileType = sourcecode.c.objc; path = leftviewModel.m; sourceTree = "<group>"; };
		538D2E481D1CDB7200BB9588 /* infomationViewController.h */ = {isa = PBXFileReference; fileEncoding = 4; lastKnownFileType = sourcecode.c.h; path = infomationViewController.h; sourceTree = "<group>"; };
		538D2E491D1CDB7200BB9588 /* infomationViewController.m */ = {isa = PBXFileReference; fileEncoding = 4; lastKnownFileType = sourcecode.c.objc; path = infomationViewController.m; sourceTree = "<group>"; };
		538D2E4B1D1D29F800BB9588 /* setView.h */ = {isa = PBXFileReference; fileEncoding = 4; lastKnownFileType = sourcecode.c.h; path = setView.h; sourceTree = "<group>"; };
		538D2E4C1D1D29F800BB9588 /* setView.m */ = {isa = PBXFileReference; fileEncoding = 4; lastKnownFileType = sourcecode.c.objc; path = setView.m; sourceTree = "<group>"; };
		538D2E4F1D1D38B400BB9588 /* aboutViewController.h */ = {isa = PBXFileReference; fileEncoding = 4; lastKnownFileType = sourcecode.c.h; path = aboutViewController.h; sourceTree = "<group>"; };
		538D2E501D1D38B400BB9588 /* aboutViewController.m */ = {isa = PBXFileReference; fileEncoding = 4; lastKnownFileType = sourcecode.c.objc; path = aboutViewController.m; sourceTree = "<group>"; };
		538D2E521D1D509600BB9588 /* setModel.h */ = {isa = PBXFileReference; fileEncoding = 4; lastKnownFileType = sourcecode.c.h; path = setModel.h; sourceTree = "<group>"; };
		538D2E531D1D509600BB9588 /* setModel.m */ = {isa = PBXFileReference; fileEncoding = 4; lastKnownFileType = sourcecode.c.objc; path = setModel.m; sourceTree = "<group>"; };
		538D2E591D1D5CFC00BB9588 /* myinfoViewController.h */ = {isa = PBXFileReference; fileEncoding = 4; lastKnownFileType = sourcecode.c.h; path = myinfoViewController.h; sourceTree = "<group>"; };
		538D2E5A1D1D5CFC00BB9588 /* myinfoViewController.m */ = {isa = PBXFileReference; fileEncoding = 4; lastKnownFileType = sourcecode.c.objc; path = myinfoViewController.m; sourceTree = "<group>"; };
		538D2E5C1D1D648D00BB9588 /* infoTableViewCell1.h */ = {isa = PBXFileReference; fileEncoding = 4; lastKnownFileType = sourcecode.c.h; path = infoTableViewCell1.h; sourceTree = "<group>"; };
		538D2E5D1D1D648D00BB9588 /* infoTableViewCell1.m */ = {isa = PBXFileReference; fileEncoding = 4; lastKnownFileType = sourcecode.c.objc; path = infoTableViewCell1.m; sourceTree = "<group>"; };
		538D2E5F1D1D69D300BB9588 /* infoTableViewCell2.h */ = {isa = PBXFileReference; fileEncoding = 4; lastKnownFileType = sourcecode.c.h; path = infoTableViewCell2.h; sourceTree = "<group>"; };
		538D2E601D1D69D300BB9588 /* infoTableViewCell2.m */ = {isa = PBXFileReference; fileEncoding = 4; lastKnownFileType = sourcecode.c.objc; path = infoTableViewCell2.m; sourceTree = "<group>"; };
		538D2E621D1E12E300BB9588 /* picModel.h */ = {isa = PBXFileReference; fileEncoding = 4; lastKnownFileType = sourcecode.c.h; path = picModel.h; sourceTree = "<group>"; };
		538D2E631D1E12E300BB9588 /* picModel.m */ = {isa = PBXFileReference; fileEncoding = 4; lastKnownFileType = sourcecode.c.objc; path = picModel.m; sourceTree = "<group>"; };
		538D2E691D1E1F7F00BB9588 /* addressViewController.h */ = {isa = PBXFileReference; fileEncoding = 4; lastKnownFileType = sourcecode.c.h; path = addressViewController.h; sourceTree = "<group>"; };
		538D2E6A1D1E1F7F00BB9588 /* addressViewController.m */ = {isa = PBXFileReference; fileEncoding = 4; lastKnownFileType = sourcecode.c.objc; path = addressViewController.m; sourceTree = "<group>"; };
		538D2E701D1E22E100BB9588 /* passwordViewController.h */ = {isa = PBXFileReference; fileEncoding = 4; lastKnownFileType = sourcecode.c.h; path = passwordViewController.h; sourceTree = "<group>"; };
		538D2E711D1E22E100BB9588 /* passwordViewController.m */ = {isa = PBXFileReference; fileEncoding = 4; lastKnownFileType = sourcecode.c.objc; path = passwordViewController.m; sourceTree = "<group>"; };
		538D2E771D1E526400BB9588 /* nameViewController.h */ = {isa = PBXFileReference; fileEncoding = 4; lastKnownFileType = sourcecode.c.h; path = nameViewController.h; sourceTree = "<group>"; };
		538D2E781D1E526400BB9588 /* nameViewController.m */ = {isa = PBXFileReference; fileEncoding = 4; lastKnownFileType = sourcecode.c.objc; path = nameViewController.m; sourceTree = "<group>"; };
		538D2E7A1D1E5EF100BB9588 /* infoCell1.h */ = {isa = PBXFileReference; fileEncoding = 4; lastKnownFileType = sourcecode.c.h; path = infoCell1.h; sourceTree = "<group>"; };
		538D2E7B1D1E5EF100BB9588 /* infoCell1.m */ = {isa = PBXFileReference; fileEncoding = 4; lastKnownFileType = sourcecode.c.objc; path = infoCell1.m; sourceTree = "<group>"; };
		538D2E7D1D1E5F0000BB9588 /* infoCell2.h */ = {isa = PBXFileReference; fileEncoding = 4; lastKnownFileType = sourcecode.c.h; path = infoCell2.h; sourceTree = "<group>"; };
		538D2E7E1D1E5F0000BB9588 /* infoCell2.m */ = {isa = PBXFileReference; fileEncoding = 4; lastKnownFileType = sourcecode.c.objc; path = infoCell2.m; sourceTree = "<group>"; };
		538D2E801D1E666800BB9588 /* infoModel.h */ = {isa = PBXFileReference; fileEncoding = 4; lastKnownFileType = sourcecode.c.h; path = infoModel.h; sourceTree = "<group>"; };
		538D2E811D1E666800BB9588 /* infoModel.m */ = {isa = PBXFileReference; fileEncoding = 4; lastKnownFileType = sourcecode.c.objc; path = infoModel.m; sourceTree = "<group>"; };
		538D2E861D1E71DF00BB9588 /* hisModel.h */ = {isa = PBXFileReference; fileEncoding = 4; lastKnownFileType = sourcecode.c.h; path = hisModel.h; sourceTree = "<group>"; };
		538D2E871D1E71DF00BB9588 /* hisModel.m */ = {isa = PBXFileReference; fileEncoding = 4; lastKnownFileType = sourcecode.c.objc; path = hisModel.m; sourceTree = "<group>"; };
		538D2E901D1E899300BB9588 /* materViewController.h */ = {isa = PBXFileReference; fileEncoding = 4; lastKnownFileType = sourcecode.c.h; path = materViewController.h; sourceTree = "<group>"; };
		538D2E911D1E899300BB9588 /* materViewController.m */ = {isa = PBXFileReference; fileEncoding = 4; lastKnownFileType = sourcecode.c.objc; path = materViewController.m; sourceTree = "<group>"; };
		538D2E931D1EAC6000BB9588 /* hisView.h */ = {isa = PBXFileReference; fileEncoding = 4; lastKnownFileType = sourcecode.c.h; path = hisView.h; sourceTree = "<group>"; };
		538D2E941D1EAC6000BB9588 /* hisView.m */ = {isa = PBXFileReference; fileEncoding = 4; lastKnownFileType = sourcecode.c.objc; path = hisView.m; sourceTree = "<group>"; };
		538D2E961D1EB3B600BB9588 /* materalCell.h */ = {isa = PBXFileReference; fileEncoding = 4; lastKnownFileType = sourcecode.c.h; path = materalCell.h; sourceTree = "<group>"; };
		538D2E971D1EB3B600BB9588 /* materalCell.m */ = {isa = PBXFileReference; fileEncoding = 4; lastKnownFileType = sourcecode.c.objc; path = materalCell.m; sourceTree = "<group>"; };
		538D2E9D1D1EBB6A00BB9588 /* speaificViewController.h */ = {isa = PBXFileReference; fileEncoding = 4; lastKnownFileType = sourcecode.c.h; path = speaificViewController.h; sourceTree = "<group>"; };
		538D2E9E1D1EBB6A00BB9588 /* speaificViewController.m */ = {isa = PBXFileReference; fileEncoding = 4; lastKnownFileType = sourcecode.c.objc; path = speaificViewController.m; sourceTree = "<group>"; };
		5393135E1D1BC7000035D874 /* BaseViewController.h */ = {isa = PBXFileReference; fileEncoding = 4; lastKnownFileType = sourcecode.c.h; name = BaseViewController.h; path = OralEdu/BaseViewController.h; sourceTree = "<group>"; };
		5393135F1D1BC7000035D874 /* BaseViewController.m */ = {isa = PBXFileReference; fileEncoding = 4; lastKnownFileType = sourcecode.c.objc; name = BaseViewController.m; path = OralEdu/BaseViewController.m; sourceTree = "<group>"; };
		539313601D1BC7000035D874 /* CustomnavView.h */ = {isa = PBXFileReference; fileEncoding = 4; lastKnownFileType = sourcecode.c.h; name = CustomnavView.h; path = OralEdu/CustomnavView.h; sourceTree = "<group>"; };
		539313611D1BC7000035D874 /* CustomnavView.m */ = {isa = PBXFileReference; fileEncoding = 4; lastKnownFileType = sourcecode.c.objc; name = CustomnavView.m; path = OralEdu/CustomnavView.m; sourceTree = "<group>"; };
		539313641D1BC7D30035D874 /* loginViewController.h */ = {isa = PBXFileReference; fileEncoding = 4; lastKnownFileType = sourcecode.c.h; path = loginViewController.h; sourceTree = "<group>"; };
		539313651D1BC7D30035D874 /* loginViewController.m */ = {isa = PBXFileReference; fileEncoding = 4; lastKnownFileType = sourcecode.c.objc; path = loginViewController.m; sourceTree = "<group>"; };
		5393136A1D1BC9760035D874 /* TextView.h */ = {isa = PBXFileReference; fileEncoding = 4; lastKnownFileType = sourcecode.c.h; path = TextView.h; sourceTree = "<group>"; };
		5393136B1D1BC9760035D874 /* TextView.m */ = {isa = PBXFileReference; fileEncoding = 4; lastKnownFileType = sourcecode.c.objc; path = TextView.m; sourceTree = "<group>"; };
		5393136E1D1BCB860035D874 /* registerViewController.h */ = {isa = PBXFileReference; fileEncoding = 4; lastKnownFileType = sourcecode.c.h; path = registerViewController.h; sourceTree = "<group>"; };
		5393136F1D1BCB860035D874 /* registerViewController.m */ = {isa = PBXFileReference; fileEncoding = 4; lastKnownFileType = sourcecode.c.objc; path = registerViewController.m; sourceTree = "<group>"; };
		53E91A1B1D1B70E40091E85A /* OralEdu.app */ = {isa = PBXFileReference; explicitFileType = wrapper.application; includeInIndex = 0; path = OralEdu.app; sourceTree = BUILT_PRODUCTS_DIR; };
		53E91A1F1D1B70E40091E85A /* main.m */ = {isa = PBXFileReference; lastKnownFileType = sourcecode.c.objc; path = main.m; sourceTree = "<group>"; };
		53E91A211D1B70E40091E85A /* AppDelegate.h */ = {isa = PBXFileReference; lastKnownFileType = sourcecode.c.h; name = AppDelegate.h; path = OralEdu/AppDelegate.h; sourceTree = "<group>"; };
		53E91A221D1B70E40091E85A /* AppDelegate.m */ = {isa = PBXFileReference; lastKnownFileType = sourcecode.c.objc; name = AppDelegate.m; path = OralEdu/AppDelegate.m; sourceTree = "<group>"; };
		53E91A241D1B70E40091E85A /* ViewController.h */ = {isa = PBXFileReference; lastKnownFileType = sourcecode.c.h; name = ViewController.h; path = OralEdu/ViewController.h; sourceTree = "<group>"; };
		53E91A251D1B70E40091E85A /* ViewController.m */ = {isa = PBXFileReference; lastKnownFileType = sourcecode.c.objc; name = ViewController.m; path = OralEdu/ViewController.m; sourceTree = "<group>"; };
		53E91A281D1B70E40091E85A /* Base */ = {isa = PBXFileReference; lastKnownFileType = file.storyboard; name = Base; path = Base.lproj/Main.storyboard; sourceTree = "<group>"; };
		53E91A2A1D1B70E40091E85A /* Assets.xcassets */ = {isa = PBXFileReference; lastKnownFileType = folder.assetcatalog; name = Assets.xcassets; path = OralEdu/Assets.xcassets; sourceTree = "<group>"; };
		53E91A2D1D1B70E40091E85A /* Base */ = {isa = PBXFileReference; lastKnownFileType = file.storyboard; name = Base; path = Base.lproj/LaunchScreen.storyboard; sourceTree = "<group>"; };
		53E91A2F1D1B70E40091E85A /* Info.plist */ = {isa = PBXFileReference; lastKnownFileType = text.plist.xml; name = Info.plist; path = OralEdu/Info.plist; sourceTree = "<group>"; };
		53E91A3E1D1B72A50091E85A /* homeViewController.h */ = {isa = PBXFileReference; fileEncoding = 4; lastKnownFileType = sourcecode.c.h; path = homeViewController.h; sourceTree = "<group>"; };
		53E91A3F1D1B72A50091E85A /* homeViewController.m */ = {isa = PBXFileReference; fileEncoding = 4; lastKnownFileType = sourcecode.c.objc; path = homeViewController.m; sourceTree = "<group>"; };
		53E91A421D1B72D50091E85A /* ITRAirSideMenu.h */ = {isa = PBXFileReference; fileEncoding = 4; lastKnownFileType = sourcecode.c.h; path = ITRAirSideMenu.h; sourceTree = "<group>"; };
		53E91A431D1B72D50091E85A /* ITRAirSideMenu.m */ = {isa = PBXFileReference; fileEncoding = 4; lastKnownFileType = sourcecode.c.objc; path = ITRAirSideMenu.m; sourceTree = "<group>"; };
		53E91A491D1B73790091E85A /* leftViewController.h */ = {isa = PBXFileReference; fileEncoding = 4; lastKnownFileType = sourcecode.c.h; path = leftViewController.h; sourceTree = "<group>"; };
		53E91A4A1D1B73790091E85A /* leftViewController.m */ = {isa = PBXFileReference; fileEncoding = 4; lastKnownFileType = sourcecode.c.objc; path = leftViewController.m; sourceTree = "<group>"; };
		53E91A561D1BB9860091E85A /* SearchViewController.h */ = {isa = PBXFileReference; fileEncoding = 4; lastKnownFileType = sourcecode.c.h; path = SearchViewController.h; sourceTree = "<group>"; };
		53E91A571D1BB9860091E85A /* SearchViewController.m */ = {isa = PBXFileReference; fileEncoding = 4; lastKnownFileType = sourcecode.c.objc; path = SearchViewController.m; sourceTree = "<group>"; };
/* End PBXFileReference section */

/* Begin PBXFrameworksBuildPhase section */
		53E91A181D1B70E40091E85A /* Frameworks */ = {
			isa = PBXFrameworksBuildPhase;
			buildActionMask = 2147483647;
			files = (
			);
			runOnlyForDeploymentPostprocessing = 0;
		};
/* End PBXFrameworksBuildPhase section */

/* Begin PBXGroup section */
		530538E41D1C0DDA001736B3 /* materialView素材库 */ = {
			isa = PBXGroup;
			children = (
				530538E71D1C0DF7001736B3 /* Model */,
				530538E61D1C0DF3001736B3 /* View */,
				530538E51D1C0DE8001736B3 /* Controller */,
			);
			name = "materialView素材库";
			sourceTree = "<group>";
		};
		530538E51D1C0DE8001736B3 /* Controller */ = {
			isa = PBXGroup;
			children = (
				538D2E901D1E899300BB9588 /* materViewController.h */,
				538D2E911D1E899300BB9588 /* materViewController.m */,
			);
			name = Controller;
			sourceTree = "<group>";
		};
		530538E61D1C0DF3001736B3 /* View */ = {
			isa = PBXGroup;
			children = (
				53464A791D20072F00F9631B /* DWBubbleMenuButton.h */,
				53464A7A1D20072F00F9631B /* DWBubbleMenuButton.m */,
				538D2E961D1EB3B600BB9588 /* materalCell.h */,
				538D2E971D1EB3B600BB9588 /* materalCell.m */,
			);
			name = View;
			sourceTree = "<group>";
		};
		530538E71D1C0DF7001736B3 /* Model */ = {
			isa = PBXGroup;
			children = (
			);
			name = Model;
			sourceTree = "<group>";
		};
		530538EB1D1C0F58001736B3 /* Setting设置 */ = {
			isa = PBXGroup;
			children = (
				530538EE1D1C0F6C001736B3 /* Model */,
				530538ED1D1C0F68001736B3 /* View */,
				530538EC1D1C0F61001736B3 /* Controller */,
			);
			name = "Setting设置";
			sourceTree = "<group>";
		};
		530538EC1D1C0F61001736B3 /* Controller */ = {
			isa = PBXGroup;
			children = (
				530538EF1D1C0F7B001736B3 /* setViewController.h */,
				530538F01D1C0F7B001736B3 /* setViewController.m */,
			);
			name = Controller;
			sourceTree = "<group>";
		};
		530538ED1D1C0F68001736B3 /* View */ = {
			isa = PBXGroup;
			children = (
				538D2E4B1D1D29F800BB9588 /* setView.h */,
				538D2E4C1D1D29F800BB9588 /* setView.m */,
			);
			name = View;
			sourceTree = "<group>";
		};
		530538EE1D1C0F6C001736B3 /* Model */ = {
			isa = PBXGroup;
			children = (
				538D2E521D1D509600BB9588 /* setModel.h */,
				538D2E531D1D509600BB9588 /* setModel.m */,
			);
			name = Model;
			sourceTree = "<group>";
		};
		53464A7C1D200AFE00F9631B /* Class */ = {
			isa = PBXGroup;
			children = (
				53464A7D1D200AFE00F9631B /* CocoaGroup.h */,
				53464A7E1D200AFE00F9631B /* CocoaGroup.m */,
				53464A7F1D200AFE00F9631B /* CocoaHederView.h */,
				53464A801D200AFE00F9631B /* CocoaHederView.m */,
				53464A811D200AFE00F9631B /* CocoaPickerViewController.h */,
				53464A821D200AFE00F9631B /* CocoaPickerViewController.m */,
			);
			path = Class;
			sourceTree = "<group>";
		};
		538D2E441D1CDB4600BB9588 /* Infomation个人信息 */ = {
			isa = PBXGroup;
			children = (
				538D2E471D1CDB6000BB9588 /* Model */,
				538D2E461D1CDB5C00BB9588 /* View */,
				538D2E451D1CDB5200BB9588 /* Controller */,
			);
			name = "Infomation个人信息";
			sourceTree = "<group>";
		};
		538D2E451D1CDB5200BB9588 /* Controller */ = {
			isa = PBXGroup;
			children = (
				538D2E481D1CDB7200BB9588 /* infomationViewController.h */,
				538D2E491D1CDB7200BB9588 /* infomationViewController.m */,
			);
			name = Controller;
			sourceTree = "<group>";
		};
		538D2E461D1CDB5C00BB9588 /* View */ = {
			isa = PBXGroup;
			children = (
				538D2E7A1D1E5EF100BB9588 /* infoCell1.h */,
				538D2E7B1D1E5EF100BB9588 /* infoCell1.m */,
				538D2E7D1D1E5F0000BB9588 /* infoCell2.h */,
				538D2E7E1D1E5F0000BB9588 /* infoCell2.m */,
			);
			name = View;
			sourceTree = "<group>";
		};
		538D2E471D1CDB6000BB9588 /* Model */ = {
			isa = PBXGroup;
			children = (
				538D2E801D1E666800BB9588 /* infoModel.h */,
				538D2E811D1E666800BB9588 /* infoModel.m */,
			);
			name = Model;
			sourceTree = "<group>";
		};
		538D2E4E1D1D388D00BB9588 /* Aboutme 关于我们 */ = {
			isa = PBXGroup;
			children = (
				538D2E4F1D1D38B400BB9588 /* aboutViewController.h */,
				538D2E501D1D38B400BB9588 /* aboutViewController.m */,
			);
			name = "Aboutme 关于我们";
			sourceTree = "<group>";
		};
		538D2E551D1D5CC300BB9588 /* myinfomation我的个人信息 */ = {
			isa = PBXGroup;
			children = (
				538D2E581D1D5CE100BB9588 /* Model */,
				538D2E571D1D5CDD00BB9588 /* View */,
				538D2E561D1D5CD600BB9588 /* Controller */,
			);
			name = "myinfomation我的个人信息";
			sourceTree = "<group>";
		};
		538D2E561D1D5CD600BB9588 /* Controller */ = {
			isa = PBXGroup;
			children = (
				538D2E591D1D5CFC00BB9588 /* myinfoViewController.h */,
				538D2E5A1D1D5CFC00BB9588 /* myinfoViewController.m */,
			);
			name = Controller;
			sourceTree = "<group>";
		};
		538D2E571D1D5CDD00BB9588 /* View */ = {
			isa = PBXGroup;
			children = (
				538D2E5C1D1D648D00BB9588 /* infoTableViewCell1.h */,
				538D2E5D1D1D648D00BB9588 /* infoTableViewCell1.m */,
				538D2E5F1D1D69D300BB9588 /* infoTableViewCell2.h */,
				538D2E601D1D69D300BB9588 /* infoTableViewCell2.m */,
			);
			name = View;
			sourceTree = "<group>";
		};
		538D2E581D1D5CE100BB9588 /* Model */ = {
			isa = PBXGroup;
			children = (
				538D2E621D1E12E300BB9588 /* picModel.h */,
				538D2E631D1E12E300BB9588 /* picModel.m */,
			);
			name = Model;
			sourceTree = "<group>";
		};
		538D2E651D1E1F5300BB9588 /* address修改地址 */ = {
			isa = PBXGroup;
			children = (
				538D2E681D1E1F6F00BB9588 /* Model */,
				538D2E671D1E1F6800BB9588 /* View */,
				538D2E661D1E1F6100BB9588 /* Controller */,
			);
			name = "address修改地址";
			sourceTree = "<group>";
		};
		538D2E661D1E1F6100BB9588 /* Controller */ = {
			isa = PBXGroup;
			children = (
				538D2E691D1E1F7F00BB9588 /* addressViewController.h */,
				538D2E6A1D1E1F7F00BB9588 /* addressViewController.m */,
			);
			name = Controller;
			sourceTree = "<group>";
		};
		538D2E671D1E1F6800BB9588 /* View */ = {
			isa = PBXGroup;
			children = (
			);
			name = View;
			sourceTree = "<group>";
		};
		538D2E681D1E1F6F00BB9588 /* Model */ = {
			isa = PBXGroup;
			children = (
			);
			name = Model;
			sourceTree = "<group>";
		};
		538D2E6C1D1E22B200BB9588 /* password修改密码 */ = {
			isa = PBXGroup;
			children = (
				538D2E6F1D1E22D200BB9588 /* Model */,
				538D2E6E1D1E22CF00BB9588 /* View */,
				538D2E6D1D1E22C800BB9588 /* Controller */,
			);
			name = "password修改密码";
			sourceTree = "<group>";
		};
		538D2E6D1D1E22C800BB9588 /* Controller */ = {
			isa = PBXGroup;
			children = (
				538D2E701D1E22E100BB9588 /* passwordViewController.h */,
				538D2E711D1E22E100BB9588 /* passwordViewController.m */,
			);
			name = Controller;
			sourceTree = "<group>";
		};
		538D2E6E1D1E22CF00BB9588 /* View */ = {
			isa = PBXGroup;
			children = (
			);
			name = View;
			sourceTree = "<group>";
		};
		538D2E6F1D1E22D200BB9588 /* Model */ = {
			isa = PBXGroup;
			children = (
			);
			name = Model;
			sourceTree = "<group>";
		};
		538D2E731D1E522A00BB9588 /* name修改用户名 */ = {
			isa = PBXGroup;
			children = (
				538D2E761D1E525500BB9588 /* Model */,
				538D2E751D1E523A00BB9588 /* View */,
				538D2E741D1E523300BB9588 /* Controller */,
			);
			name = "name修改用户名";
			sourceTree = "<group>";
		};
		538D2E741D1E523300BB9588 /* Controller */ = {
			isa = PBXGroup;
			children = (
				538D2E771D1E526400BB9588 /* nameViewController.h */,
				538D2E781D1E526400BB9588 /* nameViewController.m */,
			);
			name = Controller;
			sourceTree = "<group>";
		};
		538D2E751D1E523A00BB9588 /* View */ = {
			isa = PBXGroup;
			children = (
			);
			name = View;
			sourceTree = "<group>";
		};
		538D2E761D1E525500BB9588 /* Model */ = {
			isa = PBXGroup;
			children = (
			);
			name = Model;
			sourceTree = "<group>";
		};
		538D2E831D1E708600BB9588 /* Controller */ = {
			isa = PBXGroup;
			children = (
				53E91A561D1BB9860091E85A /* SearchViewController.h */,
				53E91A571D1BB9860091E85A /* SearchViewController.m */,
			);
			name = Controller;
			sourceTree = "<group>";
		};
		538D2E841D1E708E00BB9588 /* View */ = {
			isa = PBXGroup;
			children = (
				538D2E931D1EAC6000BB9588 /* hisView.h */,
				538D2E941D1EAC6000BB9588 /* hisView.m */,
			);
			name = View;
			sourceTree = "<group>";
		};
		538D2E851D1E709200BB9588 /* Model */ = {
			isa = PBXGroup;
			children = (
				538D2E861D1E71DF00BB9588 /* hisModel.h */,
				538D2E871D1E71DF00BB9588 /* hisModel.m */,
			);
			name = Model;
			sourceTree = "<group>";
		};
		538D2E991D1EBB0D00BB9588 /* specificmateral详细素材 */ = {
			isa = PBXGroup;
			children = (
				538D2E9C1D1EBB5300BB9588 /* Model */,
				538D2E9B1D1EBB4D00BB9588 /* View */,
				538D2E9A1D1EBB4400BB9588 /* Controller */,
			);
			name = "specificmateral详细素材";
			sourceTree = "<group>";
		};
		538D2E9A1D1EBB4400BB9588 /* Controller */ = {
			isa = PBXGroup;
			children = (
				538D2E9D1D1EBB6A00BB9588 /* speaificViewController.h */,
				538D2E9E1D1EBB6A00BB9588 /* speaificViewController.m */,
			);
			name = Controller;
			sourceTree = "<group>";
		};
		538D2E9B1D1EBB4D00BB9588 /* View */ = {
			isa = PBXGroup;
			children = (
			);
			name = View;
			sourceTree = "<group>";
		};
		538D2E9C1D1EBB5300BB9588 /* Model */ = {
			isa = PBXGroup;
			children = (
			);
			name = Model;
			sourceTree = "<group>";
		};
		539313671D1BC8FF0035D874 /* Coltroller */ = {
			isa = PBXGroup;
			children = (
				539313641D1BC7D30035D874 /* loginViewController.h */,
				539313651D1BC7D30035D874 /* loginViewController.m */,
			);
			name = Coltroller;
			sourceTree = "<group>";
		};
		539313681D1BC9140035D874 /* View */ = {
			isa = PBXGroup;
			children = (
				5393136A1D1BC9760035D874 /* TextView.h */,
				5393136B1D1BC9760035D874 /* TextView.m */,
			);
			name = View;
			sourceTree = "<group>";
		};
		539313691D1BC91D0035D874 /* Model */ = {
			isa = PBXGroup;
			children = (
			);
			name = Model;
			sourceTree = "<group>";
		};
		5393136D1D1BCB720035D874 /* Controller */ = {
			isa = PBXGroup;
			children = (
				5393136E1D1BCB860035D874 /* registerViewController.h */,
				5393136F1D1BCB860035D874 /* registerViewController.m */,
			);
			name = Controller;
			sourceTree = "<group>";
		};
		539313711D1BE28A0035D874 /* View */ = {
			isa = PBXGroup;
			children = (
			);
			name = View;
			sourceTree = "<group>";
		};
		539313721D1BE2930035D874 /* Model */ = {
			isa = PBXGroup;
			children = (
			);
			name = Model;
			sourceTree = "<group>";
		};
		53E91A121D1B70E40091E85A = {
			isa = PBXGroup;
			children = (
				53E91A361D1B71090091E85A /* Other */,
				53E91A351D1B70FF0091E85A /* Framwork */,
				53E91A1D1D1B70E40091E85A /* OralEdu */,
				53E91A1E1D1B70E40091E85A /* Supporting Files */,
				53E91A1C1D1B70E40091E85A /* Products */,
			);
			sourceTree = "<group>";
		};
		53E91A1C1D1B70E40091E85A /* Products */ = {
			isa = PBXGroup;
			children = (
				53E91A1B1D1B70E40091E85A /* OralEdu.app */,
			);
			name = Products;
			sourceTree = "<group>";
		};
		53E91A1D1D1B70E40091E85A /* OralEdu */ = {
			isa = PBXGroup;
			children = (
				538D2E991D1EBB0D00BB9588 /* specificmateral详细素材 */,
				538D2E731D1E522A00BB9588 /* name修改用户名 */,
				538D2E6C1D1E22B200BB9588 /* password修改密码 */,
				538D2E651D1E1F5300BB9588 /* address修改地址 */,
				538D2E551D1D5CC300BB9588 /* myinfomation我的个人信息 */,
				538D2E4E1D1D388D00BB9588 /* Aboutme 关于我们 */,
				53E91A591D1BC6B10091E85A /* 基类方法 */,
				538D2E441D1CDB4600BB9588 /* Infomation个人信息 */,
				530538EB1D1C0F58001736B3 /* Setting设置 */,
				530538E41D1C0DDA001736B3 /* materialView素材库 */,
				53E91A551D1BB9660091E85A /* Search搜索 */,
				53E91A451D1B734E0091E85A /* Left侧滑 */,
				53E91A391D1B72690091E85A /* 注册 */,
				53E91A381D1B72430091E85A /* Login登录 */,
				53E91A371D1B72390091E85A /* Home首页 */,
			);
			path = OralEdu;
			sourceTree = "<group>";
		};
		53E91A1E1D1B70E40091E85A /* Supporting Files */ = {
			isa = PBXGroup;
			children = (
				53E91A1F1D1B70E40091E85A /* main.m */,
			);
			name = "Supporting Files";
			path = OralEdu;
			sourceTree = "<group>";
		};
		53E91A351D1B70FF0091E85A /* Framwork */ = {
			isa = PBXGroup;
			children = (
				53464A7C1D200AFE00F9631B /* Class */,
				53E91A411D1B72D50091E85A /* Classes */,
			);
			name = Framwork;
			sourceTree = "<group>";
		};
		53E91A361D1B71090091E85A /* Other */ = {
			isa = PBXGroup;
			children = (
				53E91A211D1B70E40091E85A /* AppDelegate.h */,
				53E91A221D1B70E40091E85A /* AppDelegate.m */,
				53E91A241D1B70E40091E85A /* ViewController.h */,
				53E91A251D1B70E40091E85A /* ViewController.m */,
				53E91A271D1B70E40091E85A /* Main.storyboard */,
				53E91A2A1D1B70E40091E85A /* Assets.xcassets */,
				53E91A2C1D1B70E40091E85A /* LaunchScreen.storyboard */,
				53E91A2F1D1B70E40091E85A /* Info.plist */,
			);
			name = Other;
			sourceTree = "<group>";
		};
		53E91A371D1B72390091E85A /* Home首页 */ = {
			isa = PBXGroup;
			children = (
				53E91A3C1D1B72860091E85A /* Model */,
				53E91A3B1D1B72820091E85A /* View */,
				53E91A3A1D1B72760091E85A /* Controller */,
			);
			name = "Home首页";
			sourceTree = "<group>";
		};
		53E91A381D1B72430091E85A /* Login登录 */ = {
			isa = PBXGroup;
			children = (
				539313691D1BC91D0035D874 /* Model */,
				539313681D1BC9140035D874 /* View */,
				539313671D1BC8FF0035D874 /* Coltroller */,
			);
			name = "Login登录";
			sourceTree = "<group>";
		};
		53E91A391D1B72690091E85A /* 注册 */ = {
			isa = PBXGroup;
			children = (
				539313721D1BE2930035D874 /* Model */,
				539313711D1BE28A0035D874 /* View */,
				5393136D1D1BCB720035D874 /* Controller */,
			);
			name = "注册";
			sourceTree = "<group>";
		};
		53E91A3A1D1B72760091E85A /* Controller */ = {
			isa = PBXGroup;
			children = (
				53E91A3E1D1B72A50091E85A /* homeViewController.h */,
				53E91A3F1D1B72A50091E85A /* homeViewController.m */,
			);
			name = Controller;
			sourceTree = "<group>";
		};
		53E91A3B1D1B72820091E85A /* View */ = {
			isa = PBXGroup;
			children = (
				534522D41D1BFD440055C0EE /* homeCell.h */,
				534522D51D1BFD440055C0EE /* homeCell.m */,
			);
			name = View;
			sourceTree = "<group>";
		};
		53E91A3C1D1B72860091E85A /* Model */ = {
			isa = PBXGroup;
			children = (
				534522D11D1BFCFB0055C0EE /* homeModel.h */,
				534522D21D1BFCFB0055C0EE /* homeModel.m */,
				530538DB1D1C02EB001736B3 /* titleModel.h */,
				530538DC1D1C02EB001736B3 /* titleModel.m */,
			);
			name = Model;
			sourceTree = "<group>";
		};
		53E91A411D1B72D50091E85A /* Classes */ = {
			isa = PBXGroup;
			children = (
				53E91A421D1B72D50091E85A /* ITRAirSideMenu.h */,
				53E91A431D1B72D50091E85A /* ITRAirSideMenu.m */,
			);
			name = Classes;
			path = OralEdu/Classes;
			sourceTree = "<group>";
		};
		53E91A451D1B734E0091E85A /* Left侧滑 */ = {
			isa = PBXGroup;
			children = (
				53E91A481D1B736A0091E85A /* Model */,
				53E91A4C1D1B7B980091E85A /* Controller */,
				53E91A471D1B73640091E85A /* View */,
			);
			name = "Left侧滑";
			sourceTree = "<group>";
		};
		53E91A471D1B73640091E85A /* View */ = {
			isa = PBXGroup;
			children = (
				530538DE1D1C096E001736B3 /* leftCell.h */,
				530538DF1D1C096E001736B3 /* leftCell.m */,
				538D2E3E1D1CC2D800BB9588 /* leftView.h */,
				538D2E3F1D1CC2D800BB9588 /* leftView.m */,
			);
			name = View;
			sourceTree = "<group>";
		};
		53E91A481D1B736A0091E85A /* Model */ = {
			isa = PBXGroup;
			children = (
				538D2E411D1CCC8F00BB9588 /* leftviewModel.h */,
				538D2E421D1CCC8F00BB9588 /* leftviewModel.m */,
			);
			name = Model;
			sourceTree = "<group>";
		};
		53E91A4C1D1B7B980091E85A /* Controller */ = {
			isa = PBXGroup;
			children = (
				53E91A491D1B73790091E85A /* leftViewController.h */,
				53E91A4A1D1B73790091E85A /* leftViewController.m */,
			);
			name = Controller;
			sourceTree = "<group>";
		};
		53E91A551D1BB9660091E85A /* Search搜索 */ = {
			isa = PBXGroup;
			children = (
				538D2E851D1E709200BB9588 /* Model */,
				538D2E841D1E708E00BB9588 /* View */,
				538D2E831D1E708600BB9588 /* Controller */,
			);
			name = "Search搜索";
			sourceTree = "<group>";
		};
		53E91A591D1BC6B10091E85A /* 基类方法 */ = {
			isa = PBXGroup;
			children = (
				5393135E1D1BC7000035D874 /* BaseViewController.h */,
				5393135F1D1BC7000035D874 /* BaseViewController.m */,
				539313601D1BC7000035D874 /* CustomnavView.h */,
				539313611D1BC7000035D874 /* CustomnavView.m */,
			);
			name = "基类方法";
			path = ..;
			sourceTree = "<group>";
		};
/* End PBXGroup section */

/* Begin PBXNativeTarget section */
		53E91A1A1D1B70E40091E85A /* OralEdu */ = {
			isa = PBXNativeTarget;
			buildConfigurationList = 53E91A321D1B70E40091E85A /* Build configuration list for PBXNativeTarget "OralEdu" */;
			buildPhases = (
				53E91A171D1B70E40091E85A /* Sources */,
				53E91A181D1B70E40091E85A /* Frameworks */,
				53E91A191D1B70E40091E85A /* Resources */,
			);
			buildRules = (
			);
			dependencies = (
			);
			name = OralEdu;
			productName = OralEdu;
			productReference = 53E91A1B1D1B70E40091E85A /* OralEdu.app */;
			productType = "com.apple.product-type.application";
		};
/* End PBXNativeTarget section */

/* Begin PBXProject section */
		53E91A131D1B70E40091E85A /* Project object */ = {
			isa = PBXProject;
			attributes = {
				LastUpgradeCheck = 0730;
				ORGANIZATIONNAME = wangjungang;
				TargetAttributes = {
					53E91A1A1D1B70E40091E85A = {
						CreatedOnToolsVersion = 7.3.1;
					};
				};
			};
			buildConfigurationList = 53E91A161D1B70E40091E85A /* Build configuration list for PBXProject "OralEdu" */;
			compatibilityVersion = "Xcode 3.2";
			developmentRegion = English;
			hasScannedForEncodings = 0;
			knownRegions = (
				en,
				Base,
			);
			mainGroup = 53E91A121D1B70E40091E85A;
			productRefGroup = 53E91A1C1D1B70E40091E85A /* Products */;
			projectDirPath = "";
			projectRoot = "";
			targets = (
				53E91A1A1D1B70E40091E85A /* OralEdu */,
			);
		};
/* End PBXProject section */

/* Begin PBXResourcesBuildPhase section */
		53E91A191D1B70E40091E85A /* Resources */ = {
			isa = PBXResourcesBuildPhase;
			buildActionMask = 2147483647;
			files = (
				53E91A2E1D1B70E40091E85A /* LaunchScreen.storyboard in Resources */,
				53E91A2B1D1B70E40091E85A /* Assets.xcassets in Resources */,
				53E91A291D1B70E40091E85A /* Main.storyboard in Resources */,
			);
			runOnlyForDeploymentPostprocessing = 0;
		};
/* End PBXResourcesBuildPhase section */

/* Begin PBXSourcesBuildPhase section */
		53E91A171D1B70E40091E85A /* Sources */ = {
			isa = PBXSourcesBuildPhase;
			buildActionMask = 2147483647;
			files = (
				538D2E7F1D1E5F0000BB9588 /* infoCell2.m in Sources */,
				530538E01D1C096E001736B3 /* leftCell.m in Sources */,
				53E91A261D1B70E40091E85A /* ViewController.m in Sources */,
				539313621D1BC7000035D874 /* BaseViewController.m in Sources */,
				538D2E7C1D1E5EF100BB9588 /* infoCell1.m in Sources */,
				538D2E611D1D69D300BB9588 /* infoTableViewCell2.m in Sources */,
				53464A851D200AFE00F9631B /* CocoaPickerViewController.m in Sources */,
				53E91A441D1B72D50091E85A /* ITRAirSideMenu.m in Sources */,
				530538DD1D1C02EB001736B3 /* titleModel.m in Sources */,
				539313701D1BCB860035D874 /* registerViewController.m in Sources */,
				538D2E5B1D1D5CFC00BB9588 /* myinfoViewController.m in Sources */,
				538D2E881D1E71DF00BB9588 /* hisModel.m in Sources */,
				538D2E821D1E666800BB9588 /* infoModel.m in Sources */,
				539313631D1BC7000035D874 /* CustomnavView.m in Sources */,
				538D2E981D1EB3B600BB9588 /* materalCell.m in Sources */,
				534522D31D1BFCFB0055C0EE /* homeModel.m in Sources */,
				538D2E4A1D1CDB7200BB9588 /* infomationViewController.m in Sources */,
				538D2E541D1D509600BB9588 /* setModel.m in Sources */,
				53464A831D200AFE00F9631B /* CocoaGroup.m in Sources */,
				53E91A231D1B70E40091E85A /* AppDelegate.m in Sources */,
				538D2E921D1E899300BB9588 /* materViewController.m in Sources */,
				538D2E401D1CC2D800BB9588 /* leftView.m in Sources */,
				538D2E951D1EAC6000BB9588 /* hisView.m in Sources */,
				53E91A4B1D1B73790091E85A /* leftViewController.m in Sources */,
				53464A7B1D20072F00F9631B /* DWBubbleMenuButton.m in Sources */,
				538D2E4D1D1D29F800BB9588 /* setView.m in Sources */,
				538D2E431D1CCC8F00BB9588 /* leftviewModel.m in Sources */,
				538D2E9F1D1EBB6A00BB9588 /* speaificViewController.m in Sources */,
				538D2E641D1E12E300BB9588 /* picModel.m in Sources */,
				538D2E5E1D1D648D00BB9588 /* infoTableViewCell1.m in Sources */,
				534522D61D1BFD440055C0EE /* homeCell.m in Sources */,
				538D2E721D1E22E100BB9588 /* passwordViewController.m in Sources */,
				538D2E791D1E526400BB9588 /* nameViewController.m in Sources */,
				539313661D1BC7D30035D874 /* loginViewController.m in Sources */,
				538D2E6B1D1E1F7F00BB9588 /* addressViewController.m in Sources */,
				53464A841D200AFE00F9631B /* CocoaHederView.m in Sources */,
				53E91A581D1BB9860091E85A /* SearchViewController.m in Sources */,
				53E91A201D1B70E40091E85A /* main.m in Sources */,
				53E91A401D1B72A50091E85A /* homeViewController.m in Sources */,
				538D2E511D1D38B400BB9588 /* aboutViewController.m in Sources */,
				5393136C1D1BC9760035D874 /* TextView.m in Sources */,
				530538F11D1C0F7B001736B3 /* setViewController.m in Sources */,
			);
			runOnlyForDeploymentPostprocessing = 0;
		};
/* End PBXSourcesBuildPhase section */

/* Begin PBXVariantGroup section */
		53E91A271D1B70E40091E85A /* Main.storyboard */ = {
			isa = PBXVariantGroup;
			children = (
				53E91A281D1B70E40091E85A /* Base */,
			);
			name = Main.storyboard;
			path = OralEdu;
			sourceTree = "<group>";
		};
		53E91A2C1D1B70E40091E85A /* LaunchScreen.storyboard */ = {
			isa = PBXVariantGroup;
			children = (
				53E91A2D1D1B70E40091E85A /* Base */,
			);
			name = LaunchScreen.storyboard;
			path = OralEdu;
			sourceTree = "<group>";
		};
/* End PBXVariantGroup section */

/* Begin XCBuildConfiguration section */
		53E91A301D1B70E40091E85A /* Debug */ = {
			isa = XCBuildConfiguration;
			buildSettings = {
				ALWAYS_SEARCH_USER_PATHS = NO;
				CLANG_ANALYZER_NONNULL = YES;
				CLANG_CXX_LANGUAGE_STANDARD = "gnu++0x";
				CLANG_CXX_LIBRARY = "libc++";
				CLANG_ENABLE_MODULES = YES;
				CLANG_ENABLE_OBJC_ARC = YES;
				CLANG_WARN_BOOL_CONVERSION = YES;
				CLANG_WARN_CONSTANT_CONVERSION = YES;
				CLANG_WARN_DIRECT_OBJC_ISA_USAGE = YES_ERROR;
				CLANG_WARN_EMPTY_BODY = YES;
				CLANG_WARN_ENUM_CONVERSION = YES;
				CLANG_WARN_INT_CONVERSION = YES;
				CLANG_WARN_OBJC_ROOT_CLASS = YES_ERROR;
				CLANG_WARN_UNREACHABLE_CODE = YES;
				CLANG_WARN__DUPLICATE_METHOD_MATCH = YES;
				"CODE_SIGN_IDENTITY[sdk=iphoneos*]" = "iPhone Developer";
				COPY_PHASE_STRIP = NO;
				DEBUG_INFORMATION_FORMAT = dwarf;
				ENABLE_STRICT_OBJC_MSGSEND = YES;
				ENABLE_TESTABILITY = YES;
				GCC_C_LANGUAGE_STANDARD = gnu99;
				GCC_DYNAMIC_NO_PIC = NO;
				GCC_NO_COMMON_BLOCKS = YES;
				GCC_OPTIMIZATION_LEVEL = 0;
				GCC_PREPROCESSOR_DEFINITIONS = (
					"DEBUG=1",
					"$(inherited)",
				);
				GCC_WARN_64_TO_32_BIT_CONVERSION = YES;
				GCC_WARN_ABOUT_RETURN_TYPE = YES_ERROR;
				GCC_WARN_UNDECLARED_SELECTOR = YES;
				GCC_WARN_UNINITIALIZED_AUTOS = YES_AGGRESSIVE;
				GCC_WARN_UNUSED_FUNCTION = YES;
				GCC_WARN_UNUSED_VARIABLE = YES;
				IPHONEOS_DEPLOYMENT_TARGET = 9.3;
				MTL_ENABLE_DEBUG_INFO = YES;
				ONLY_ACTIVE_ARCH = YES;
				SDKROOT = iphoneos;
				TARGETED_DEVICE_FAMILY = "1,2";
			};
			name = Debug;
		};
		53E91A311D1B70E40091E85A /* Release */ = {
			isa = XCBuildConfiguration;
			buildSettings = {
				ALWAYS_SEARCH_USER_PATHS = NO;
				CLANG_ANALYZER_NONNULL = YES;
				CLANG_CXX_LANGUAGE_STANDARD = "gnu++0x";
				CLANG_CXX_LIBRARY = "libc++";
				CLANG_ENABLE_MODULES = YES;
				CLANG_ENABLE_OBJC_ARC = YES;
				CLANG_WARN_BOOL_CONVERSION = YES;
				CLANG_WARN_CONSTANT_CONVERSION = YES;
				CLANG_WARN_DIRECT_OBJC_ISA_USAGE = YES_ERROR;
				CLANG_WARN_EMPTY_BODY = YES;
				CLANG_WARN_ENUM_CONVERSION = YES;
				CLANG_WARN_INT_CONVERSION = YES;
				CLANG_WARN_OBJC_ROOT_CLASS = YES_ERROR;
				CLANG_WARN_UNREACHABLE_CODE = YES;
				CLANG_WARN__DUPLICATE_METHOD_MATCH = YES;
				"CODE_SIGN_IDENTITY[sdk=iphoneos*]" = "iPhone Developer";
				COPY_PHASE_STRIP = NO;
				DEBUG_INFORMATION_FORMAT = "dwarf-with-dsym";
				ENABLE_NS_ASSERTIONS = NO;
				ENABLE_STRICT_OBJC_MSGSEND = YES;
				GCC_C_LANGUAGE_STANDARD = gnu99;
				GCC_NO_COMMON_BLOCKS = YES;
				GCC_WARN_64_TO_32_BIT_CONVERSION = YES;
				GCC_WARN_ABOUT_RETURN_TYPE = YES_ERROR;
				GCC_WARN_UNDECLARED_SELECTOR = YES;
				GCC_WARN_UNINITIALIZED_AUTOS = YES_AGGRESSIVE;
				GCC_WARN_UNUSED_FUNCTION = YES;
				GCC_WARN_UNUSED_VARIABLE = YES;
				IPHONEOS_DEPLOYMENT_TARGET = 9.3;
				MTL_ENABLE_DEBUG_INFO = NO;
				SDKROOT = iphoneos;
				TARGETED_DEVICE_FAMILY = "1,2";
				VALIDATE_PRODUCT = YES;
			};
			name = Release;
		};
		53E91A331D1B70E40091E85A /* Debug */ = {
			isa = XCBuildConfiguration;
			buildSettings = {
				ASSETCATALOG_COMPILER_APPICON_NAME = AppIcon;
				INFOPLIST_FILE = OralEdu/Info.plist;
				LD_RUNPATH_SEARCH_PATHS = "$(inherited) @executable_path/Frameworks";
				PRODUCT_BUNDLE_IDENTIFIER = com.wangjungang.OralEdu;
				PRODUCT_NAME = "$(TARGET_NAME)";
			};
			name = Debug;
		};
		53E91A341D1B70E40091E85A /* Release */ = {
			isa = XCBuildConfiguration;
			buildSettings = {
				ASSETCATALOG_COMPILER_APPICON_NAME = AppIcon;
				INFOPLIST_FILE = OralEdu/Info.plist;
				LD_RUNPATH_SEARCH_PATHS = "$(inherited) @executable_path/Frameworks";
				PRODUCT_BUNDLE_IDENTIFIER = com.wangjungang.OralEdu;
				PRODUCT_NAME = "$(TARGET_NAME)";
			};
			name = Release;
		};
/* End XCBuildConfiguration section */

/* Begin XCConfigurationList section */
		53E91A161D1B70E40091E85A /* Build configuration list for PBXProject "OralEdu" */ = {
			isa = XCConfigurationList;
			buildConfigurations = (
				53E91A301D1B70E40091E85A /* Debug */,
				53E91A311D1B70E40091E85A /* Release */,
			);
			defaultConfigurationIsVisible = 0;
			defaultConfigurationName = Release;
		};
		53E91A321D1B70E40091E85A /* Build configuration list for PBXNativeTarget "OralEdu" */ = {
			isa = XCConfigurationList;
			buildConfigurations = (
				53E91A331D1B70E40091E85A /* Debug */,
				53E91A341D1B70E40091E85A /* Release */,
			);
			defaultConfigurationIsVisible = 0;
			defaultConfigurationName = Release;
		};
/* End XCConfigurationList section */
	};
	rootObject = 53E91A131D1B70E40091E85A /* Project object */;
}
